
Microsoft Visual Studio Solution File, Format Version 12.00
# Visual Studio 2013
VisualStudioVersion = 12.0.21005.1
MinimumVisualStudioVersion = 10.0.40219.1
Project("{FAE04EC0-301F-11D3-BF4B-00C04F79EFBC}") = "OptionsPlay.Web", "OptionsPlay.Web\OptionsPlay.Web.csproj", "{A3489D27-5C93-4C24-A1AE-9847DD1999CC}"
EndProject
Project("{2150E333-8FDC-42A3-9474-1A3956D46DE8}") = "BusinessLogic", "BusinessLogic", "{B6DA30FC-4DAF-4981-9946-6D07698CA743}"
EndProject
Project("{2150E333-8FDC-42A3-9474-1A3956D46DE8}") = "Common", "Common", "{E23A5286-A041-41A7-9C6B-24ADF6E98983}"
EndProject
Project("{2150E333-8FDC-42A3-9474-1A3956D46DE8}") = "DAL", "DAL", "{86630AE4-25E1-4CB5-AB62-FD4C8F5F8EDD}"
EndProject
Project("{FAE04EC0-301F-11D3-BF4B-00C04F79EFBC}") = "OptionsPlay.BusinessLogic", "BusinessLogic\OptionsPlay.BusinessLogic\OptionsPlay.BusinessLogic.csproj", "{F2E3C277-6CF8-468E-A6AE-7414419E13E8}"
	ProjectSection(ProjectDependencies) = postProject
		{CC96AA47-CE03-42C3-B832-B3F5E7B2CB35} = {CC96AA47-CE03-42C3-B832-B3F5E7B2CB35}
	EndProjectSection
EndProject
Project("{FAE04EC0-301F-11D3-BF4B-00C04F79EFBC}") = "OptionsPlay.IoC", "Common\OptionsPlay.IoC\OptionsPlay.IoC.csproj", "{1B481514-54A1-44E7-B29A-0FC5317FE9BE}"
	ProjectSection(ProjectDependencies) = postProject
		{91E85C5D-28C3-4FC7-B000-DF50D5472A39} = {91E85C5D-28C3-4FC7-B000-DF50D5472A39}
		{187287E1-CE16-4B99-B56D-AE6308E06DC8} = {187287E1-CE16-4B99-B56D-AE6308E06DC8}
		{7DC630EF-360B-408A-A9E2-869E7E1BCB8C} = {7DC630EF-360B-408A-A9E2-869E7E1BCB8C}
		{4EB7D6F0-8A8A-4F15-AC2F-078DCDF8F4D1} = {4EB7D6F0-8A8A-4F15-AC2F-078DCDF8F4D1}
		{BA944BFF-020E-406A-A1D2-5706E69D0FF4} = {BA944BFF-020E-406A-A1D2-5706E69D0FF4}
	EndProjectSection
EndProject
Project("{FAE04EC0-301F-11D3-BF4B-00C04F79EFBC}") = "OptionsPlay.Common", "Common\OptionsPlay.Common\OptionsPlay.Common.csproj", "{85025E83-4476-400A-B282-363256F61EFA}"
EndProject
Project("{FAE04EC0-301F-11D3-BF4B-00C04F79EFBC}") = "OptionsPlay.Logging", "Common\OptionsPlay.Logging\OptionsPlay.Logging.csproj", "{69F28C8C-7550-4A78-996A-BE2C015D4E52}"
EndProject
Project("{2150E333-8FDC-42A3-9474-1A3956D46DE8}") = "Tests", "Tests", "{2D8BBC65-EDC4-4C6E-9D95-100DE9B93AE3}"
EndProject
Project("{FAE04EC0-301F-11D3-BF4B-00C04F79EFBC}") = "OptionsPlay.BusinessLogic.Tests", "Tests\OptionsPlay.BusinessLogic.Tests\OptionsPlay.BusinessLogic.Tests.csproj", "{6D7FBD0A-D096-48F7-A1FA-3C43A5BDEC4B}"
EndProject
Project("{2150E333-8FDC-42A3-9474-1A3956D46DE8}") = "Common", "Common", "{4F9B1779-7E2F-4824-9E3B-F56D4ED37A58}"
EndProject
Project("{2150E333-8FDC-42A3-9474-1A3956D46DE8}") = "EntityFramework", "EntityFramework", "{9D436E2E-5DE9-4A80-A16B-841E5A25B2E4}"
EndProject
Project("{FAE04EC0-301F-11D3-BF4B-00C04F79EFBC}") = "OptionsPlay.Model", "DAL\Common\OptionsPlay.Model\OptionsPlay.Model.csproj", "{187287E1-CE16-4B99-B56D-AE6308E06DC8}"
EndProject
Project("{FAE04EC0-301F-11D3-BF4B-00C04F79EFBC}") = "OptionsPlay.DAL.Interfaces", "DAL\Common\OptionsPlay.DAL.Interfaces\OptionsPlay.DAL.Interfaces.csproj", "{4EB7D6F0-8A8A-4F15-AC2F-078DCDF8F4D1}"
EndProject
Project("{FAE04EC0-301F-11D3-BF4B-00C04F79EFBC}") = "OptionsPlay.DAL.EF.Core", "DAL\EntityFramework\OptionsPlay.DAL.EF.Core\OptionsPlay.DAL.EF.Core.csproj", "{BA944BFF-020E-406A-A1D2-5706E69D0FF4}"
EndProject
Project("{FAE04EC0-301F-11D3-BF4B-00C04F79EFBC}") = "OptionsPlay.DAL.EF.Repositories", "DAL\EntityFramework\OptionsPlay.DAL.EF.Repositories\OptionsPlay.DAL.EF.Repositories.csproj", "{7DC630EF-360B-408A-A9E2-869E7E1BCB8C}"
EndProject
Project("{2150E333-8FDC-42A3-9474-1A3956D46DE8}") = "MongoDB", "MongoDB", "{A56F2A9D-563A-422E-BBE2-076F5AFA6EDD}"
EndProject
Project("{FAE04EC0-301F-11D3-BF4B-00C04F79EFBC}") = "OptionsPlay.DAL.MongoDB.Repositories", "DAL\MongoDB\OptionsPlay.DAL.MongoDB.Repositories\OptionsPlay.DAL.MongoDB.Repositories.csproj", "{91E85C5D-28C3-4FC7-B000-DF50D5472A39}"
EndProject
Project("{FAE04EC0-301F-11D3-BF4B-00C04F79EFBC}") = "OptionsPlay.Security", "Common\OptionsPlay.Security\OptionsPlay.Security.csproj", "{602965F3-B562-4545-9E08-4642ED018187}"
EndProject
Project("{FAE04EC0-301F-11D3-BF4B-00C04F79EFBC}") = "OptionsPlay.Resources", "Common\OptionsPlay.Resources\OptionsPlay.Resources.csproj", "{96DE53E2-F6AB-4E61-808E-383C7416AD7C}"
EndProject
Project("{2150E333-8FDC-42A3-9474-1A3956D46DE8}") = "Third-Party Services", "Third-Party Services", "{4249171E-86DE-4A65-9074-DD8A0F857BE2}"
EndProject
Project("{2150E333-8FDC-42A3-9474-1A3956D46DE8}") = "SZKingdom", "SZKingdom", "{36DDAE91-B1DF-437A-AA94-A86F5B55F53F}"
EndProject
Project("{2150E333-8FDC-42A3-9474-1A3956D46DE8}") = "Web", "Web", "{C33CE403-8E32-41A4-BD09-CCD5F38E43D9}"
EndProject
Project("{FAE04EC0-301F-11D3-BF4B-00C04F79EFBC}") = "OptionsPlay.DAL.SZKingdom.Common", "DAL\Third-Party Services\SZKingdom\OptionsPlay.DAL.SZKingdom.Common\OptionsPlay.DAL.SZKingdom.Common.csproj", "{0FDE2710-C57E-4F17-84B4-4F005E15C971}"
EndProject
Project("{FAE04EC0-301F-11D3-BF4B-00C04F79EFBC}") = "OptionsPlay.DAL.SZKingdom.DataProvider", "DAL\Third-Party Services\SZKingdom\OptionsPlay.DAL.SZKingdom.DataProvider\OptionsPlay.DAL.SZKingdom.DataProvider.csproj", "{D9CF000C-F46B-426E-A3BB-BC18A1F1EC57}"
EndProject
Project("{8BC9CEB8-8B4A-11D0-8D11-00A0C91BC942}") = "OptionsPlay.DAL.SZKingdom.ManagementWrapper", "DAL\Third-Party Services\SZKingdom\OptionsPlay.DAL.SZKingdom.ManagementWrapper\OptionsPlay.DAL.SZKingdom.ManagementWrapper.vcxproj", "{0995F7BB-6A5E-4B01-9072-57D8D1AC4178}"
EndProject
Project("{FAE04EC0-301F-11D3-BF4B-00C04F79EFBC}") = "OptionsPlay.BusinessLogic.MarketData", "BusinessLogic\OptionsPlay.BusinessLogic.MarketData\OptionsPlay.BusinessLogic.MarketData.csproj", "{6B386E25-5A7F-4792-8978-B4E9066117F2}"
EndProject
Project("{FAE04EC0-301F-11D3-BF4B-00C04F79EFBC}") = "OptionsPlay.BusinessLogic.Common", "BusinessLogic\OptionsPlay.BusinessLogic.Common\OptionsPlay.BusinessLogic.Common.csproj", "{CC96AA47-CE03-42C3-B832-B3F5E7B2CB35}"
EndProject
Project("{FAE04EC0-301F-11D3-BF4B-00C04F79EFBC}") = "OptionsPlay.DAL.Core", "DAL\Common\OptionsPlay.DAL.Core\OptionsPlay.DAL.Core.csproj", "{E9CA7D35-96D1-4328-B8F0-BE0CAD2DAC4A}"
EndProject
Project("{FAE04EC0-301F-11D3-BF4B-00C04F79EFBC}") = "OptionsPlay.Web.Infrastructure", "Web\OptionsPlay.Web.Infrastructure\OptionsPlay.Web.Infrastructure.csproj", "{2105D13F-8526-4B81-88C5-CC927DAC8CA4}"
EndProject
Project("{FAE04EC0-301F-11D3-BF4B-00C04F79EFBC}") = "OptionsPlay.Web.ViewModels", "Web\OptionsPlay.Web.ViewModels\OptionsPlay.Web.ViewModels.csproj", "{6AB81B08-6B6C-4B49-AFE9-2582762630E1}"
EndProject
Project("{FAE04EC0-301F-11D3-BF4B-00C04F79EFBC}") = "OptionsPlay.Web.ViewModels.Providers", "Web\OptionsPlay.Web.ViewModels.Providers\OptionsPlay.Web.ViewModels.Providers.csproj", "{D97787A4-717D-456C-98AB-5F3E34110E7D}"
EndProject
Project("{FAE04EC0-301F-11D3-BF4B-00C04F79EFBC}") = "OptionsPlay.Common.Tests", "Tests\OptionsPlay.Common.Tests\OptionsPlay.Common.Tests.csproj", "{725B5385-607E-42FE-81B2-E1383C37B073}"
EndProject
Project("{FAE04EC0-301F-11D3-BF4B-00C04F79EFBC}") = "OptionsPlay.TechnicalAnalysis", "Common\OptionsPlay.TechnicalAnalysis\OptionsPlay.TechnicalAnalysis.csproj", "{C1F21DED-A481-451F-B2E3-42E457663CCE}"
EndProject
Project("{FAE04EC0-301F-11D3-BF4B-00C04F79EFBC}") = "OptionsPlay.Cache", "Common\OptionsPlay.Cache\OptionsPlay.Cache.csproj", "{1A11B4AD-4D09-4A15-9C73-FEFCB138CDE4}"
EndProject
Project("{FAE04EC0-301F-11D3-BF4B-00C04F79EFBC}") = "OptionsPlay.Aspects", "OptionsPlay.Aspects\OptionsPlay.Aspects.csproj", "{20D9A997-F0A2-4117-9757-1DBD495E5F3B}"
EndProject
Project("{FAE04EC0-301F-11D3-BF4B-00C04F79EFBC}") = "OptionsPlay.EF.Encryption", "DAL\EntityFramework\OptionsPlay.EF.Encryption\OptionsPlay.EF.Encryption.csproj", "{C6D9EDCC-E9A7-4C3C-AE4A-51897DADCA58}"
EndProject
Project("{FAE04EC0-301F-11D3-BF4B-00C04F79EFBC}") = "OptionsPlay.Web.SignalR", "Web\OptionsPlay.Web.SignalR\OptionsPlay.Web.SignalR.csproj", "{F785F5E4-0F59-4F51-8C54-D211CB717B9E}"
EndProject
Project("{2150E333-8FDC-42A3-9474-1A3956D46DE8}") = "Scheduler", "Scheduler", "{01761080-9502-453F-89E7-895AA8FCE76E}"
EndProject
Project("{FAE04EC0-301F-11D3-BF4B-00C04F79EFBC}") = "OptionsPlay.Scheduler.WinService", "Scheduler\OptionsPlay.Scheduler.WinService\OptionsPlay.Scheduler.WinService.csproj", "{5B5915B0-55C6-43AA-B1B6-04BDB7A405E3}"
EndProject
Project("{FAE04EC0-301F-11D3-BF4B-00C04F79EFBC}") = "OptionsPlay.Scheduler", "Scheduler\OptionsPlay.Scheduler\OptionsPlay.Scheduler.csproj", "{10E678D5-6AE5-4537-88AC-E8DA3566B635}"
EndProject
Project("{FAE04EC0-301F-11D3-BF4B-00C04F79EFBC}") = "OptionsPlay.MarketData", "OptionsPlay.MarketData\OptionsPlay.MarketData.csproj", "{ABAB6C17-967A-4EFE-AC63-4E9BCF25025B}"
EndProject
Project("{2150E333-8FDC-42A3-9474-1A3956D46DE8}") = ".nuget", ".nuget", "{84E80835-8996-4D02-934F-51F98C4671E2}"
	ProjectSection(SolutionItems) = preProject
		.nuget\packages.config = .nuget\packages.config
	EndProjectSection
EndProject
Project("{2150E333-8FDC-42A3-9474-1A3956D46DE8}") = "AdminPortal", "AdminPortal", "{4A7C6498-C039-4B8B-B615-193472854D3F}"
EndProject
Project("{2150E333-8FDC-42A3-9474-1A3956D46DE8}") = "Core", "Core", "{81D6ECC7-C340-4EC9-BF46-71461152F09B}"
EndProject
Project("{FAE04EC0-301F-11D3-BF4B-00C04F79EFBC}") = "OptionsPlay.BusinessLogic.MarketDataProcessing", "OptionsPlay.BusinessLogic.MarketDataProcessing\OptionsPlay.BusinessLogic.MarketDataProcessing.csproj", "{BB02289D-7587-4CB5-8F11-1FCD21D02C5C}"
EndProject
Project("{FAE04EC0-301F-11D3-BF4B-00C04F79EFBC}") = "OptionsPlay.BusinessLogic.MarketDataProcessing.Common", "OptionsPlay.BusinessLogic.MarketDataProcessing.Common\OptionsPlay.BusinessLogic.MarketDataProcessing.Common.csproj", "{A02B554A-97E6-47BF-B521-F747BE3B5DEB}"
EndProject
Project("{FAE04EC0-301F-11D3-BF4B-00C04F79EFBC}") = "OptionsPlay.MarketData.Indicators", "OptionsPlay.MarketData.Indicators\OptionsPlay.MarketData.Indicators.csproj", "{6C995254-8D66-4AAF-989C-75FB702D30A4}"
EndProject
Project("{2150E333-8FDC-42A3-9474-1A3956D46DE8}") = "Optimization", "Optimization", "{66833B49-64B5-4658-A77A-3856E95009B9}"
EndProject
Project("{FAE04EC0-301F-11D3-BF4B-00C04F79EFBC}") = "OptionsPlay.Optimization", "OptionsPlay.Optimization\OptionsPlay.Optimization.csproj", "{CF4E252E-3E78-4461-80C1-EFE6491913D7}"
EndProject
Project("{8BC9CEB8-8B4A-11D0-8D11-00A0C91BC942}") = "OptionsPlay.SharedFile", "Common\OptionsPlay.SharedFile\OptionsPlay.SharedFile\OptionsPlay.SharedFile.vcxproj", "{CC7821D7-C068-465E-B9D2-5FAD44DFE3BF}"
EndProject
Project("{FAE04EC0-301F-11D3-BF4B-00C04F79EFBC}") = "OptionsPlay.Web.AutoMapperPlugin", "OptionsPlay.Web.AutoMapperPlugin\OptionsPlay.Web.AutoMapperPlugin.csproj", "{D4E10F86-283E-4078-B511-522A944AEB78}"
EndProject
Global
	GlobalSection(TeamFoundationVersionControl) = preSolution
		SccNumberOfProjects = 38
		SccEnterpriseProvider = {4CA58AB2-18FA-4F8D-95D4-32DDF27D184C}
		SccTeamFoundationServer = http://10.10.10.200:8080/tfs/defaultcollection
		SccLocalPath0 = .
		SccProjectUniqueName1 = BusinessLogic\\OptionsPlay.BusinessLogic.Common\\OptionsPlay.BusinessLogic.Common.csproj
		SccProjectTopLevelParentUniqueName1 = OptionsPlay.sln
		SccProjectName1 = BusinessLogic/OptionsPlay.BusinessLogic.Common
		SccLocalPath1 = BusinessLogic\\OptionsPlay.BusinessLogic.Common
		SccProjectUniqueName2 = BusinessLogic\\OptionsPlay.BusinessLogic.MarketData\\OptionsPlay.BusinessLogic.MarketData.csproj
		SccProjectTopLevelParentUniqueName2 = OptionsPlay.sln
		SccProjectName2 = BusinessLogic/OptionsPlay.BusinessLogic.MarketData
		SccLocalPath2 = BusinessLogic\\OptionsPlay.BusinessLogic.MarketData
		SccProjectUniqueName3 = BusinessLogic\\OptionsPlay.BusinessLogic\\OptionsPlay.BusinessLogic.csproj
		SccProjectTopLevelParentUniqueName3 = OptionsPlay.sln
		SccProjectName3 = BusinessLogic/OptionsPlay.BusinessLogic
		SccLocalPath3 = BusinessLogic\\OptionsPlay.BusinessLogic
		SccProjectUniqueName4 = Common\\OptionsPlay.Cache\\OptionsPlay.Cache.csproj
		SccProjectTopLevelParentUniqueName4 = OptionsPlay.sln
		SccProjectName4 = Common/OptionsPlay.Cache
		SccLocalPath4 = Common\\OptionsPlay.Cache
		SccProjectUniqueName5 = Common\\OptionsPlay.Common\\OptionsPlay.Common.csproj
		SccProjectTopLevelParentUniqueName5 = OptionsPlay.sln
		SccProjectName5 = Common/OptionsPlay.Common
		SccLocalPath5 = Common\\OptionsPlay.Common
		SccProjectUniqueName6 = Common\\OptionsPlay.IoC\\OptionsPlay.IoC.csproj
		SccProjectTopLevelParentUniqueName6 = OptionsPlay.sln
		SccProjectName6 = Common/OptionsPlay.IoC
		SccLocalPath6 = Common\\OptionsPlay.IoC
		SccProjectUniqueName7 = Common\\OptionsPlay.Logging\\OptionsPlay.Logging.csproj
		SccProjectTopLevelParentUniqueName7 = OptionsPlay.sln
		SccProjectName7 = Common/OptionsPlay.Logging
		SccLocalPath7 = Common\\OptionsPlay.Logging
		SccProjectUniqueName8 = Common\\OptionsPlay.Resources\\OptionsPlay.Resources.csproj
		SccProjectTopLevelParentUniqueName8 = OptionsPlay.sln
		SccProjectName8 = Common/OptionsPlay.Resources
		SccLocalPath8 = Common\\OptionsPlay.Resources
		SccProjectUniqueName9 = Common\\OptionsPlay.Security\\OptionsPlay.Security.csproj
		SccProjectTopLevelParentUniqueName9 = OptionsPlay.sln
		SccProjectName9 = Common/OptionsPlay.Security
		SccLocalPath9 = Common\\OptionsPlay.Security
		SccProjectUniqueName10 = Common\\OptionsPlay.TechnicalAnalysis\\OptionsPlay.TechnicalAnalysis.csproj
		SccProjectTopLevelParentUniqueName10 = OptionsPlay.sln
		SccProjectName10 = Common/OptionsPlay.TechnicalAnalysis
		SccLocalPath10 = Common\\OptionsPlay.TechnicalAnalysis
		SccProjectUniqueName11 = DAL\\Common\\OptionsPlay.DAL.Core\\OptionsPlay.DAL.Core.csproj
		SccProjectTopLevelParentUniqueName11 = OptionsPlay.sln
		SccProjectName11 = DAL/Common/OptionsPlay.DAL.Core
		SccLocalPath11 = DAL\\Common\\OptionsPlay.DAL.Core
		SccProjectUniqueName12 = DAL\\Common\\OptionsPlay.DAL.Interfaces\\OptionsPlay.DAL.Interfaces.csproj
		SccProjectTopLevelParentUniqueName12 = OptionsPlay.sln
		SccProjectName12 = DAL/Common/OptionsPlay.DAL.Interfaces
		SccLocalPath12 = DAL\\Common\\OptionsPlay.DAL.Interfaces
		SccProjectUniqueName13 = DAL\\Common\\OptionsPlay.Model\\OptionsPlay.Model.csproj
		SccProjectTopLevelParentUniqueName13 = OptionsPlay.sln
		SccProjectName13 = DAL/Common/OptionsPlay.Model
		SccLocalPath13 = DAL\\Common\\OptionsPlay.Model
		SccProjectUniqueName14 = DAL\\EntityFramework\\OptionsPlay.DAL.EF.Core\\OptionsPlay.DAL.EF.Core.csproj
		SccProjectTopLevelParentUniqueName14 = OptionsPlay.sln
		SccProjectName14 = DAL/EntityFramework/OptionsPlay.DAL.EF.Core
		SccLocalPath14 = DAL\\EntityFramework\\OptionsPlay.DAL.EF.Core
		SccProjectUniqueName15 = DAL\\EntityFramework\\OptionsPlay.DAL.EF.Repositories\\OptionsPlay.DAL.EF.Repositories.csproj
		SccProjectTopLevelParentUniqueName15 = OptionsPlay.sln
		SccProjectName15 = DAL/EntityFramework/OptionsPlay.DAL.EF.Repositories
		SccLocalPath15 = DAL\\EntityFramework\\OptionsPlay.DAL.EF.Repositories
		SccProjectUniqueName16 = DAL\\EntityFramework\\OptionsPlay.EF.Encryption\\OptionsPlay.EF.Encryption.csproj
		SccProjectTopLevelParentUniqueName16 = OptionsPlay.sln
		SccProjectName16 = DAL/EntityFramework/OptionsPlay.EF.Encryption
		SccLocalPath16 = DAL\\EntityFramework\\OptionsPlay.EF.Encryption
		SccProjectUniqueName17 = DAL\\MongoDB\\OptionsPlay.DAL.MongoDB.Repositories\\OptionsPlay.DAL.MongoDB.Repositories.csproj
		SccProjectTopLevelParentUniqueName17 = OptionsPlay.sln
		SccProjectName17 = DAL/MongoDB/OptionsPlay.DAL.MongoDB.Repositories
		SccLocalPath17 = DAL\\MongoDB\\OptionsPlay.DAL.MongoDB.Repositories
		SccProjectUniqueName18 = DAL\\Third-Party\u0020Services\\SZKingdom\\OptionsPlay.DAL.SZKingdom.Common\\OptionsPlay.DAL.SZKingdom.Common.csproj
		SccProjectTopLevelParentUniqueName18 = OptionsPlay.sln
		SccProjectName18 = DAL/Third-Party\u0020Services/SZKingdom/OptionsPlay.DAL.SZKingdom.Common
		SccLocalPath18 = DAL\\Third-Party\u0020Services\\SZKingdom\\OptionsPlay.DAL.SZKingdom.Common
		SccProjectUniqueName19 = DAL\\Third-Party\u0020Services\\SZKingdom\\OptionsPlay.DAL.SZKingdom.DataProvider\\OptionsPlay.DAL.SZKingdom.DataProvider.csproj
		SccProjectTopLevelParentUniqueName19 = OptionsPlay.sln
		SccProjectName19 = DAL/Third-Party\u0020Services/SZKingdom/OptionsPlay.DAL.SZKingdom.DataProvider
		SccLocalPath19 = DAL\\Third-Party\u0020Services\\SZKingdom\\OptionsPlay.DAL.SZKingdom.DataProvider
		SccProjectUniqueName20 = DAL\\Third-Party\u0020Services\\SZKingdom\\OptionsPlay.DAL.SZKingdom.ManagementWrapper\\OptionsPlay.DAL.SZKingdom.ManagementWrapper.vcxproj
		SccProjectTopLevelParentUniqueName20 = OptionsPlay.sln
		SccProjectName20 = DAL/Third-Party\u0020Services/SZKingdom/OptionsPlay.DAL.SZKingdom.ManagementWrapper
		SccLocalPath20 = DAL\\Third-Party\u0020Services\\SZKingdom\\OptionsPlay.DAL.SZKingdom.ManagementWrapper
		SccProjectUniqueName21 = OptionsPlay.Aspects\\OptionsPlay.Aspects.csproj
		SccProjectTopLevelParentUniqueName21 = OptionsPlay.sln
		SccProjectName21 = OptionsPlay.Aspects
		SccLocalPath21 = OptionsPlay.Aspects
		SccProjectUniqueName22 = OptionsPlay.MarketData\\OptionsPlay.MarketData.csproj
		SccProjectTopLevelParentUniqueName22 = OptionsPlay.sln
		SccProjectName22 = OptionsPlay.MarketData
		SccLocalPath22 = OptionsPlay.MarketData
		SccProjectUniqueName23 = OptionsPlay.Web\\OptionsPlay.Web.csproj
		SccProjectName23 = OptionsPlay.Web
		SccLocalPath23 = OptionsPlay.Web
		SccProjectUniqueName24 = Scheduler\\OptionsPlay.Scheduler.WinService\\OptionsPlay.Scheduler.WinService.csproj
		SccProjectTopLevelParentUniqueName24 = OptionsPlay.sln
		SccProjectName24 = Scheduler/OptionsPlay.Scheduler.WinService
		SccLocalPath24 = Scheduler\\OptionsPlay.Scheduler.WinService
		SccProjectUniqueName25 = Scheduler\\OptionsPlay.Scheduler\\OptionsPlay.Scheduler.csproj
		SccProjectTopLevelParentUniqueName25 = OptionsPlay.sln
		SccProjectName25 = Scheduler/OptionsPlay.Scheduler
		SccLocalPath25 = Scheduler\\OptionsPlay.Scheduler
		SccProjectUniqueName26 = Tests\\OptionsPlay.BusinessLogic.Tests\\OptionsPlay.BusinessLogic.Tests.csproj
		SccProjectTopLevelParentUniqueName26 = OptionsPlay.sln
		SccProjectName26 = Tests/OptionsPlay.BusinessLogic.Tests
		SccLocalPath26 = Tests\\OptionsPlay.BusinessLogic.Tests
		SccProjectUniqueName27 = Tests\\OptionsPlay.Common.Tests\\OptionsPlay.Common.Tests.csproj
		SccProjectTopLevelParentUniqueName27 = OptionsPlay.sln
		SccProjectName27 = Tests/OptionsPlay.Common.Tests
		SccLocalPath27 = Tests\\OptionsPlay.Common.Tests
		SccProjectUniqueName28 = Web\\OptionsPlay.Web.Infrastructure\\OptionsPlay.Web.Infrastructure.csproj
		SccProjectTopLevelParentUniqueName28 = OptionsPlay.sln
		SccProjectName28 = Web/OptionsPlay.Web.Infrastructure
		SccLocalPath28 = Web\\OptionsPlay.Web.Infrastructure
		SccProjectUniqueName29 = Web\\OptionsPlay.Web.SignalR\\OptionsPlay.Web.SignalR.csproj
		SccProjectTopLevelParentUniqueName29 = OptionsPlay.sln
		SccProjectName29 = Web/OptionsPlay.Web.SignalR
		SccLocalPath29 = Web\\OptionsPlay.Web.SignalR
		SccProjectUniqueName30 = Web\\OptionsPlay.Web.ViewModels.Providers\\OptionsPlay.Web.ViewModels.Providers.csproj
		SccProjectTopLevelParentUniqueName30 = OptionsPlay.sln
		SccProjectName30 = Web/OptionsPlay.Web.ViewModels.Providers
		SccLocalPath30 = Web\\OptionsPlay.Web.ViewModels.Providers
		SccProjectUniqueName31 = Web\\OptionsPlay.Web.ViewModels\\OptionsPlay.Web.ViewModels.csproj
		SccProjectTopLevelParentUniqueName31 = OptionsPlay.sln
		SccProjectName31 = Web/OptionsPlay.Web.ViewModels
		SccLocalPath31 = Web\\OptionsPlay.Web.ViewModels
		SccProjectUniqueName32 = OptionsPlay.BusinessLogic.MarketDataProcessing\\OptionsPlay.BusinessLogic.MarketDataProcessing.csproj
		SccProjectTopLevelParentUniqueName32 = OptionsPlay.sln
		SccProjectName32 = OptionsPlay.BusinessLogic.MarketDataProcessing
		SccLocalPath32 = OptionsPlay.BusinessLogic.MarketDataProcessing
		SccProjectUniqueName33 = OptionsPlay.BusinessLogic.MarketDataProcessing.Common\\OptionsPlay.BusinessLogic.MarketDataProcessing.Common.csproj
		SccProjectTopLevelParentUniqueName33 = OptionsPlay.sln
		SccProjectName33 = OptionsPlay.BusinessLogic.MarketDataProcessing.Common
		SccLocalPath33 = OptionsPlay.BusinessLogic.MarketDataProcessing.Common
		SccProjectUniqueName34 = OptionsPlay.MarketData.Indicators\\OptionsPlay.MarketData.Indicators.csproj
		SccProjectTopLevelParentUniqueName34 = OptionsPlay.sln
		SccProjectName34 = OptionsPlay.MarketData.Indicators
		SccLocalPath34 = OptionsPlay.MarketData.Indicators
		SccProjectUniqueName35 = OptionsPlay.Optimization\\OptionsPlay.Optimization.csproj
		SccProjectTopLevelParentUniqueName35 = OptionsPlay.sln
		SccProjectName35 = OptionsPlay.Optimization
		SccLocalPath35 = OptionsPlay.Optimization
		SccProjectUniqueName36 = Common\\OptionsPlay.SharedFile\\OptionsPlay.SharedFile\\OptionsPlay.SharedFile.vcxproj
		SccProjectTopLevelParentUniqueName36 = OptionsPlay.sln
		SccProjectName36 = Common/OptionsPlay.SharedFile/OptionsPlay.SharedFile
		SccLocalPath36 = Common\\OptionsPlay.SharedFile\\OptionsPlay.SharedFile
		SccProjectUniqueName37 = OptionsPlay.Web.AutoMapperPlugin\\OptionsPlay.Web.AutoMapperPlugin.csproj
		SccProjectTopLevelParentUniqueName37 = OptionsPlay.sln
		SccProjectName37 = OptionsPlay.Web.AutoMapperPlugin
		SccLocalPath37 = OptionsPlay.Web.AutoMapperPlugin
	EndGlobalSection
	GlobalSection(SolutionConfigurationPlatforms) = preSolution
		Debug|Any CPU = Debug|Any CPU
		Debug|Mixed Platforms = Debug|Mixed Platforms
		Debug|Win32 = Debug|Win32
		Dev|Any CPU = Dev|Any CPU
		Dev|Mixed Platforms = Dev|Mixed Platforms
		Dev|Win32 = Dev|Win32
		Premier|Any CPU = Premier|Any CPU
		Premier|Mixed Platforms = Premier|Mixed Platforms
		Premier|Win32 = Premier|Win32
		Release|Any CPU = Release|Any CPU
		Release|Mixed Platforms = Release|Mixed Platforms
		Release|Win32 = Release|Win32
	EndGlobalSection
	GlobalSection(ProjectConfigurationPlatforms) = postSolution
		{A3489D27-5C93-4C24-A1AE-9847DD1999CC}.Debug|Any CPU.ActiveCfg = Debug|Any CPU
		{A3489D27-5C93-4C24-A1AE-9847DD1999CC}.Debug|Any CPU.Build.0 = Debug|Any CPU
		{A3489D27-5C93-4C24-A1AE-9847DD1999CC}.Debug|Mixed Platforms.ActiveCfg = Debug|Any CPU
		{A3489D27-5C93-4C24-A1AE-9847DD1999CC}.Debug|Mixed Platforms.Build.0 = Debug|Any CPU
		{A3489D27-5C93-4C24-A1AE-9847DD1999CC}.Debug|Win32.ActiveCfg = Debug|Any CPU
		{A3489D27-5C93-4C24-A1AE-9847DD1999CC}.Debug|Win32.Build.0 = Debug|Any CPU
		{A3489D27-5C93-4C24-A1AE-9847DD1999CC}.Dev|Any CPU.ActiveCfg = Dev|Any CPU
		{A3489D27-5C93-4C24-A1AE-9847DD1999CC}.Dev|Any CPU.Build.0 = Dev|Any CPU
		{A3489D27-5C93-4C24-A1AE-9847DD1999CC}.Dev|Mixed Platforms.ActiveCfg = Dev|Any CPU
		{A3489D27-5C93-4C24-A1AE-9847DD1999CC}.Dev|Mixed Platforms.Build.0 = Dev|Any CPU
		{A3489D27-5C93-4C24-A1AE-9847DD1999CC}.Dev|Win32.ActiveCfg = Dev|Any CPU
		{A3489D27-5C93-4C24-A1AE-9847DD1999CC}.Premier|Any CPU.ActiveCfg = Premier|Any CPU
		{A3489D27-5C93-4C24-A1AE-9847DD1999CC}.Premier|Any CPU.Build.0 = Premier|Any CPU
		{A3489D27-5C93-4C24-A1AE-9847DD1999CC}.Premier|Mixed Platforms.ActiveCfg = Premier|Any CPU
		{A3489D27-5C93-4C24-A1AE-9847DD1999CC}.Premier|Mixed Platforms.Build.0 = Premier|Any CPU
		{A3489D27-5C93-4C24-A1AE-9847DD1999CC}.Premier|Win32.ActiveCfg = Premier|Any CPU
		{A3489D27-5C93-4C24-A1AE-9847DD1999CC}.Release|Any CPU.ActiveCfg = Release|Any CPU
		{A3489D27-5C93-4C24-A1AE-9847DD1999CC}.Release|Any CPU.Build.0 = Release|Any CPU
		{A3489D27-5C93-4C24-A1AE-9847DD1999CC}.Release|Mixed Platforms.ActiveCfg = Release|Any CPU
		{A3489D27-5C93-4C24-A1AE-9847DD1999CC}.Release|Mixed Platforms.Build.0 = Release|Any CPU
		{A3489D27-5C93-4C24-A1AE-9847DD1999CC}.Release|Win32.ActiveCfg = Release|Any CPU
		{F2E3C277-6CF8-468E-A6AE-7414419E13E8}.Debug|Any CPU.ActiveCfg = Debug|Any CPU
		{F2E3C277-6CF8-468E-A6AE-7414419E13E8}.Debug|Any CPU.Build.0 = Debug|Any CPU
		{F2E3C277-6CF8-468E-A6AE-7414419E13E8}.Debug|Mixed Platforms.ActiveCfg = Debug|Any CPU
		{F2E3C277-6CF8-468E-A6AE-7414419E13E8}.Debug|Mixed Platforms.Build.0 = Debug|Any CPU
		{F2E3C277-6CF8-468E-A6AE-7414419E13E8}.Debug|Win32.ActiveCfg = Debug|Any CPU
		{F2E3C277-6CF8-468E-A6AE-7414419E13E8}.Debug|Win32.Build.0 = Debug|Any CPU
		{F2E3C277-6CF8-468E-A6AE-7414419E13E8}.Dev|Any CPU.ActiveCfg = Dev|Any CPU
		{F2E3C277-6CF8-468E-A6AE-7414419E13E8}.Dev|Any CPU.Build.0 = Dev|Any CPU
		{F2E3C277-6CF8-468E-A6AE-7414419E13E8}.Dev|Mixed Platforms.ActiveCfg = Dev|Any CPU
		{F2E3C277-6CF8-468E-A6AE-7414419E13E8}.Dev|Mixed Platforms.Build.0 = Dev|Any CPU
		{F2E3C277-6CF8-468E-A6AE-7414419E13E8}.Dev|Win32.ActiveCfg = Dev|Any CPU
		{F2E3C277-6CF8-468E-A6AE-7414419E13E8}.Premier|Any CPU.ActiveCfg = Release|Any CPU
		{F2E3C277-6CF8-468E-A6AE-7414419E13E8}.Premier|Any CPU.Build.0 = Release|Any CPU
		{F2E3C277-6CF8-468E-A6AE-7414419E13E8}.Premier|Mixed Platforms.ActiveCfg = Release|Any CPU
		{F2E3C277-6CF8-468E-A6AE-7414419E13E8}.Premier|Mixed Platforms.Build.0 = Release|Any CPU
		{F2E3C277-6CF8-468E-A6AE-7414419E13E8}.Premier|Win32.ActiveCfg = Release|Any CPU
		{F2E3C277-6CF8-468E-A6AE-7414419E13E8}.Release|Any CPU.ActiveCfg = Release|Any CPU
		{F2E3C277-6CF8-468E-A6AE-7414419E13E8}.Release|Any CPU.Build.0 = Release|Any CPU
		{F2E3C277-6CF8-468E-A6AE-7414419E13E8}.Release|Mixed Platforms.ActiveCfg = Release|Any CPU
		{F2E3C277-6CF8-468E-A6AE-7414419E13E8}.Release|Mixed Platforms.Build.0 = Release|Any CPU
		{F2E3C277-6CF8-468E-A6AE-7414419E13E8}.Release|Win32.ActiveCfg = Release|Any CPU
		{1B481514-54A1-44E7-B29A-0FC5317FE9BE}.Debug|Any CPU.ActiveCfg = Debug|Any CPU
		{1B481514-54A1-44E7-B29A-0FC5317FE9BE}.Debug|Any CPU.Build.0 = Debug|Any CPU
		{1B481514-54A1-44E7-B29A-0FC5317FE9BE}.Debug|Mixed Platforms.ActiveCfg = Debug|Any CPU
		{1B481514-54A1-44E7-B29A-0FC5317FE9BE}.Debug|Mixed Platforms.Build.0 = Debug|Any CPU
		{1B481514-54A1-44E7-B29A-0FC5317FE9BE}.Debug|Win32.ActiveCfg = Debug|Any CPU
		{1B481514-54A1-44E7-B29A-0FC5317FE9BE}.Debug|Win32.Build.0 = Debug|Any CPU
		{1B481514-54A1-44E7-B29A-0FC5317FE9BE}.Dev|Any CPU.ActiveCfg = Dev|Any CPU
		{1B481514-54A1-44E7-B29A-0FC5317FE9BE}.Dev|Any CPU.Build.0 = Dev|Any CPU
		{1B481514-54A1-44E7-B29A-0FC5317FE9BE}.Dev|Mixed Platforms.ActiveCfg = Dev|Any CPU
		{1B481514-54A1-44E7-B29A-0FC5317FE9BE}.Dev|Mixed Platforms.Build.0 = Dev|Any CPU
		{1B481514-54A1-44E7-B29A-0FC5317FE9BE}.Dev|Win32.ActiveCfg = Dev|Any CPU
		{1B481514-54A1-44E7-B29A-0FC5317FE9BE}.Premier|Any CPU.ActiveCfg = Release|Any CPU
		{1B481514-54A1-44E7-B29A-0FC5317FE9BE}.Premier|Any CPU.Build.0 = Release|Any CPU
		{1B481514-54A1-44E7-B29A-0FC5317FE9BE}.Premier|Mixed Platforms.ActiveCfg = Release|Any CPU
		{1B481514-54A1-44E7-B29A-0FC5317FE9BE}.Premier|Mixed Platforms.Build.0 = Release|Any CPU
		{1B481514-54A1-44E7-B29A-0FC5317FE9BE}.Premier|Win32.ActiveCfg = Release|Any CPU
		{1B481514-54A1-44E7-B29A-0FC5317FE9BE}.Release|Any CPU.ActiveCfg = Release|Any CPU
		{1B481514-54A1-44E7-B29A-0FC5317FE9BE}.Release|Any CPU.Build.0 = Release|Any CPU
		{1B481514-54A1-44E7-B29A-0FC5317FE9BE}.Release|Mixed Platforms.ActiveCfg = Release|Any CPU
		{1B481514-54A1-44E7-B29A-0FC5317FE9BE}.Release|Mixed Platforms.Build.0 = Release|Any CPU
		{1B481514-54A1-44E7-B29A-0FC5317FE9BE}.Release|Win32.ActiveCfg = Release|Any CPU
		{85025E83-4476-400A-B282-363256F61EFA}.Debug|Any CPU.ActiveCfg = Debug|Any CPU
		{85025E83-4476-400A-B282-363256F61EFA}.Debug|Any CPU.Build.0 = Debug|Any CPU
		{85025E83-4476-400A-B282-363256F61EFA}.Debug|Mixed Platforms.ActiveCfg = Debug|Any CPU
		{85025E83-4476-400A-B282-363256F61EFA}.Debug|Mixed Platforms.Build.0 = Debug|Any CPU
		{85025E83-4476-400A-B282-363256F61EFA}.Debug|Win32.ActiveCfg = Debug|Any CPU
		{85025E83-4476-400A-B282-363256F61EFA}.Debug|Win32.Build.0 = Debug|Any CPU
		{85025E83-4476-400A-B282-363256F61EFA}.Dev|Any CPU.ActiveCfg = Dev|Any CPU
		{85025E83-4476-400A-B282-363256F61EFA}.Dev|Any CPU.Build.0 = Dev|Any CPU
		{85025E83-4476-400A-B282-363256F61EFA}.Dev|Mixed Platforms.ActiveCfg = Dev|Any CPU
		{85025E83-4476-400A-B282-363256F61EFA}.Dev|Mixed Platforms.Build.0 = Dev|Any CPU
		{85025E83-4476-400A-B282-363256F61EFA}.Dev|Win32.ActiveCfg = Dev|Any CPU
		{85025E83-4476-400A-B282-363256F61EFA}.Premier|Any CPU.ActiveCfg = Release|Any CPU
		{85025E83-4476-400A-B282-363256F61EFA}.Premier|Any CPU.Build.0 = Release|Any CPU
		{85025E83-4476-400A-B282-363256F61EFA}.Premier|Mixed Platforms.ActiveCfg = Release|Any CPU
		{85025E83-4476-400A-B282-363256F61EFA}.Premier|Mixed Platforms.Build.0 = Release|Any CPU
		{85025E83-4476-400A-B282-363256F61EFA}.Premier|Win32.ActiveCfg = Release|Any CPU
		{85025E83-4476-400A-B282-363256F61EFA}.Release|Any CPU.ActiveCfg = Release|Any CPU
		{85025E83-4476-400A-B282-363256F61EFA}.Release|Any CPU.Build.0 = Release|Any CPU
		{85025E83-4476-400A-B282-363256F61EFA}.Release|Mixed Platforms.ActiveCfg = Release|Any CPU
		{85025E83-4476-400A-B282-363256F61EFA}.Release|Mixed Platforms.Build.0 = Release|Any CPU
		{85025E83-4476-400A-B282-363256F61EFA}.Release|Win32.ActiveCfg = Release|Any CPU
		{69F28C8C-7550-4A78-996A-BE2C015D4E52}.Debug|Any CPU.ActiveCfg = Debug|Any CPU
		{69F28C8C-7550-4A78-996A-BE2C015D4E52}.Debug|Any CPU.Build.0 = Debug|Any CPU
		{69F28C8C-7550-4A78-996A-BE2C015D4E52}.Debug|Mixed Platforms.ActiveCfg = Debug|Any CPU
		{69F28C8C-7550-4A78-996A-BE2C015D4E52}.Debug|Mixed Platforms.Build.0 = Debug|Any CPU
		{69F28C8C-7550-4A78-996A-BE2C015D4E52}.Debug|Win32.ActiveCfg = Debug|Any CPU
		{69F28C8C-7550-4A78-996A-BE2C015D4E52}.Debug|Win32.Build.0 = Debug|Any CPU
		{69F28C8C-7550-4A78-996A-BE2C015D4E52}.Dev|Any CPU.ActiveCfg = Dev|Any CPU
		{69F28C8C-7550-4A78-996A-BE2C015D4E52}.Dev|Any CPU.Build.0 = Dev|Any CPU
		{69F28C8C-7550-4A78-996A-BE2C015D4E52}.Dev|Mixed Platforms.ActiveCfg = Dev|Any CPU
		{69F28C8C-7550-4A78-996A-BE2C015D4E52}.Dev|Mixed Platforms.Build.0 = Dev|Any CPU
		{69F28C8C-7550-4A78-996A-BE2C015D4E52}.Dev|Win32.ActiveCfg = Dev|Any CPU
		{69F28C8C-7550-4A78-996A-BE2C015D4E52}.Premier|Any CPU.ActiveCfg = Release|Any CPU
		{69F28C8C-7550-4A78-996A-BE2C015D4E52}.Premier|Any CPU.Build.0 = Release|Any CPU
		{69F28C8C-7550-4A78-996A-BE2C015D4E52}.Premier|Mixed Platforms.ActiveCfg = Release|Any CPU
		{69F28C8C-7550-4A78-996A-BE2C015D4E52}.Premier|Mixed Platforms.Build.0 = Release|Any CPU
		{69F28C8C-7550-4A78-996A-BE2C015D4E52}.Premier|Win32.ActiveCfg = Release|Any CPU
		{69F28C8C-7550-4A78-996A-BE2C015D4E52}.Release|Any CPU.ActiveCfg = Release|Any CPU
		{69F28C8C-7550-4A78-996A-BE2C015D4E52}.Release|Any CPU.Build.0 = Release|Any CPU
		{69F28C8C-7550-4A78-996A-BE2C015D4E52}.Release|Mixed Platforms.ActiveCfg = Release|Any CPU
		{69F28C8C-7550-4A78-996A-BE2C015D4E52}.Release|Mixed Platforms.Build.0 = Release|Any CPU
		{69F28C8C-7550-4A78-996A-BE2C015D4E52}.Release|Win32.ActiveCfg = Release|Any CPU
		{6D7FBD0A-D096-48F7-A1FA-3C43A5BDEC4B}.Debug|Any CPU.ActiveCfg = Debug|Any CPU
		{6D7FBD0A-D096-48F7-A1FA-3C43A5BDEC4B}.Debug|Any CPU.Build.0 = Debug|Any CPU
		{6D7FBD0A-D096-48F7-A1FA-3C43A5BDEC4B}.Debug|Mixed Platforms.ActiveCfg = Debug|Any CPU
		{6D7FBD0A-D096-48F7-A1FA-3C43A5BDEC4B}.Debug|Mixed Platforms.Build.0 = Debug|Any CPU
		{6D7FBD0A-D096-48F7-A1FA-3C43A5BDEC4B}.Debug|Win32.ActiveCfg = Debug|Any CPU
		{6D7FBD0A-D096-48F7-A1FA-3C43A5BDEC4B}.Debug|Win32.Build.0 = Debug|Any CPU
		{6D7FBD0A-D096-48F7-A1FA-3C43A5BDEC4B}.Dev|Any CPU.ActiveCfg = Dev|Any CPU
		{6D7FBD0A-D096-48F7-A1FA-3C43A5BDEC4B}.Dev|Any CPU.Build.0 = Dev|Any CPU
		{6D7FBD0A-D096-48F7-A1FA-3C43A5BDEC4B}.Dev|Mixed Platforms.ActiveCfg = Dev|Any CPU
		{6D7FBD0A-D096-48F7-A1FA-3C43A5BDEC4B}.Dev|Mixed Platforms.Build.0 = Dev|Any CPU
		{6D7FBD0A-D096-48F7-A1FA-3C43A5BDEC4B}.Dev|Win32.ActiveCfg = Dev|Any CPU
		{6D7FBD0A-D096-48F7-A1FA-3C43A5BDEC4B}.Premier|Any CPU.ActiveCfg = Release|Any CPU
		{6D7FBD0A-D096-48F7-A1FA-3C43A5BDEC4B}.Premier|Any CPU.Build.0 = Release|Any CPU
		{6D7FBD0A-D096-48F7-A1FA-3C43A5BDEC4B}.Premier|Mixed Platforms.ActiveCfg = Release|Any CPU
		{6D7FBD0A-D096-48F7-A1FA-3C43A5BDEC4B}.Premier|Mixed Platforms.Build.0 = Release|Any CPU
		{6D7FBD0A-D096-48F7-A1FA-3C43A5BDEC4B}.Premier|Win32.ActiveCfg = Release|Any CPU
		{6D7FBD0A-D096-48F7-A1FA-3C43A5BDEC4B}.Release|Any CPU.ActiveCfg = Release|Any CPU
		{6D7FBD0A-D096-48F7-A1FA-3C43A5BDEC4B}.Release|Any CPU.Build.0 = Release|Any CPU
		{6D7FBD0A-D096-48F7-A1FA-3C43A5BDEC4B}.Release|Mixed Platforms.ActiveCfg = Release|Any CPU
		{6D7FBD0A-D096-48F7-A1FA-3C43A5BDEC4B}.Release|Mixed Platforms.Build.0 = Release|Any CPU
		{6D7FBD0A-D096-48F7-A1FA-3C43A5BDEC4B}.Release|Win32.ActiveCfg = Release|Any CPU
		{187287E1-CE16-4B99-B56D-AE6308E06DC8}.Debug|Any CPU.ActiveCfg = Debug|Any CPU
		{187287E1-CE16-4B99-B56D-AE6308E06DC8}.Debug|Any CPU.Build.0 = Debug|Any CPU
		{187287E1-CE16-4B99-B56D-AE6308E06DC8}.Debug|Mixed Platforms.ActiveCfg = Debug|Any CPU
		{187287E1-CE16-4B99-B56D-AE6308E06DC8}.Debug|Mixed Platforms.Build.0 = Debug|Any CPU
		{187287E1-CE16-4B99-B56D-AE6308E06DC8}.Debug|Win32.ActiveCfg = Debug|Any CPU
		{187287E1-CE16-4B99-B56D-AE6308E06DC8}.Debug|Win32.Build.0 = Debug|Any CPU
		{187287E1-CE16-4B99-B56D-AE6308E06DC8}.Dev|Any CPU.ActiveCfg = Dev|Any CPU
		{187287E1-CE16-4B99-B56D-AE6308E06DC8}.Dev|Any CPU.Build.0 = Dev|Any CPU
		{187287E1-CE16-4B99-B56D-AE6308E06DC8}.Dev|Mixed Platforms.ActiveCfg = Dev|Any CPU
		{187287E1-CE16-4B99-B56D-AE6308E06DC8}.Dev|Mixed Platforms.Build.0 = Dev|Any CPU
		{187287E1-CE16-4B99-B56D-AE6308E06DC8}.Dev|Win32.ActiveCfg = Dev|Any CPU
		{187287E1-CE16-4B99-B56D-AE6308E06DC8}.Premier|Any CPU.ActiveCfg = Release|Any CPU
		{187287E1-CE16-4B99-B56D-AE6308E06DC8}.Premier|Any CPU.Build.0 = Release|Any CPU
		{187287E1-CE16-4B99-B56D-AE6308E06DC8}.Premier|Mixed Platforms.ActiveCfg = Release|Any CPU
		{187287E1-CE16-4B99-B56D-AE6308E06DC8}.Premier|Mixed Platforms.Build.0 = Release|Any CPU
		{187287E1-CE16-4B99-B56D-AE6308E06DC8}.Premier|Win32.ActiveCfg = Release|Any CPU
		{187287E1-CE16-4B99-B56D-AE6308E06DC8}.Release|Any CPU.ActiveCfg = Release|Any CPU
		{187287E1-CE16-4B99-B56D-AE6308E06DC8}.Release|Any CPU.Build.0 = Release|Any CPU
		{187287E1-CE16-4B99-B56D-AE6308E06DC8}.Release|Mixed Platforms.ActiveCfg = Release|Any CPU
		{187287E1-CE16-4B99-B56D-AE6308E06DC8}.Release|Mixed Platforms.Build.0 = Release|Any CPU
		{187287E1-CE16-4B99-B56D-AE6308E06DC8}.Release|Win32.ActiveCfg = Release|Any CPU
		{4EB7D6F0-8A8A-4F15-AC2F-078DCDF8F4D1}.Debug|Any CPU.ActiveCfg = Debug|Any CPU
		{4EB7D6F0-8A8A-4F15-AC2F-078DCDF8F4D1}.Debug|Any CPU.Build.0 = Debug|Any CPU
		{4EB7D6F0-8A8A-4F15-AC2F-078DCDF8F4D1}.Debug|Mixed Platforms.ActiveCfg = Debug|Any CPU
		{4EB7D6F0-8A8A-4F15-AC2F-078DCDF8F4D1}.Debug|Mixed Platforms.Build.0 = Debug|Any CPU
		{4EB7D6F0-8A8A-4F15-AC2F-078DCDF8F4D1}.Debug|Win32.ActiveCfg = Debug|Any CPU
		{4EB7D6F0-8A8A-4F15-AC2F-078DCDF8F4D1}.Debug|Win32.Build.0 = Debug|Any CPU
		{4EB7D6F0-8A8A-4F15-AC2F-078DCDF8F4D1}.Dev|Any CPU.ActiveCfg = Dev|Any CPU
		{4EB7D6F0-8A8A-4F15-AC2F-078DCDF8F4D1}.Dev|Any CPU.Build.0 = Dev|Any CPU
		{4EB7D6F0-8A8A-4F15-AC2F-078DCDF8F4D1}.Dev|Mixed Platforms.ActiveCfg = Dev|Any CPU
		{4EB7D6F0-8A8A-4F15-AC2F-078DCDF8F4D1}.Dev|Mixed Platforms.Build.0 = Dev|Any CPU
		{4EB7D6F0-8A8A-4F15-AC2F-078DCDF8F4D1}.Dev|Win32.ActiveCfg = Dev|Any CPU
		{4EB7D6F0-8A8A-4F15-AC2F-078DCDF8F4D1}.Premier|Any CPU.ActiveCfg = Release|Any CPU
		{4EB7D6F0-8A8A-4F15-AC2F-078DCDF8F4D1}.Premier|Any CPU.Build.0 = Release|Any CPU
		{4EB7D6F0-8A8A-4F15-AC2F-078DCDF8F4D1}.Premier|Mixed Platforms.ActiveCfg = Release|Any CPU
		{4EB7D6F0-8A8A-4F15-AC2F-078DCDF8F4D1}.Premier|Mixed Platforms.Build.0 = Release|Any CPU
		{4EB7D6F0-8A8A-4F15-AC2F-078DCDF8F4D1}.Premier|Win32.ActiveCfg = Release|Any CPU
		{4EB7D6F0-8A8A-4F15-AC2F-078DCDF8F4D1}.Release|Any CPU.ActiveCfg = Release|Any CPU
		{4EB7D6F0-8A8A-4F15-AC2F-078DCDF8F4D1}.Release|Any CPU.Build.0 = Release|Any CPU
		{4EB7D6F0-8A8A-4F15-AC2F-078DCDF8F4D1}.Release|Mixed Platforms.ActiveCfg = Release|Any CPU
		{4EB7D6F0-8A8A-4F15-AC2F-078DCDF8F4D1}.Release|Mixed Platforms.Build.0 = Release|Any CPU
		{4EB7D6F0-8A8A-4F15-AC2F-078DCDF8F4D1}.Release|Win32.ActiveCfg = Release|Any CPU
		{BA944BFF-020E-406A-A1D2-5706E69D0FF4}.Debug|Any CPU.ActiveCfg = Debug|Any CPU
		{BA944BFF-020E-406A-A1D2-5706E69D0FF4}.Debug|Any CPU.Build.0 = Debug|Any CPU
		{BA944BFF-020E-406A-A1D2-5706E69D0FF4}.Debug|Mixed Platforms.ActiveCfg = Debug|Any CPU
		{BA944BFF-020E-406A-A1D2-5706E69D0FF4}.Debug|Mixed Platforms.Build.0 = Debug|Any CPU
		{BA944BFF-020E-406A-A1D2-5706E69D0FF4}.Debug|Win32.ActiveCfg = Debug|Any CPU
		{BA944BFF-020E-406A-A1D2-5706E69D0FF4}.Debug|Win32.Build.0 = Debug|Any CPU
		{BA944BFF-020E-406A-A1D2-5706E69D0FF4}.Dev|Any CPU.ActiveCfg = Dev|Any CPU
		{BA944BFF-020E-406A-A1D2-5706E69D0FF4}.Dev|Any CPU.Build.0 = Dev|Any CPU
		{BA944BFF-020E-406A-A1D2-5706E69D0FF4}.Dev|Mixed Platforms.ActiveCfg = Dev|Any CPU
		{BA944BFF-020E-406A-A1D2-5706E69D0FF4}.Dev|Mixed Platforms.Build.0 = Dev|Any CPU
		{BA944BFF-020E-406A-A1D2-5706E69D0FF4}.Dev|Win32.ActiveCfg = Dev|Any CPU
		{BA944BFF-020E-406A-A1D2-5706E69D0FF4}.Premier|Any CPU.ActiveCfg = Release|Any CPU
		{BA944BFF-020E-406A-A1D2-5706E69D0FF4}.Premier|Any CPU.Build.0 = Release|Any CPU
		{BA944BFF-020E-406A-A1D2-5706E69D0FF4}.Premier|Mixed Platforms.ActiveCfg = Release|Any CPU
		{BA944BFF-020E-406A-A1D2-5706E69D0FF4}.Premier|Mixed Platforms.Build.0 = Release|Any CPU
		{BA944BFF-020E-406A-A1D2-5706E69D0FF4}.Premier|Win32.ActiveCfg = Release|Any CPU
		{BA944BFF-020E-406A-A1D2-5706E69D0FF4}.Release|Any CPU.ActiveCfg = Release|Any CPU
		{BA944BFF-020E-406A-A1D2-5706E69D0FF4}.Release|Any CPU.Build.0 = Release|Any CPU
		{BA944BFF-020E-406A-A1D2-5706E69D0FF4}.Release|Mixed Platforms.ActiveCfg = Release|Any CPU
		{BA944BFF-020E-406A-A1D2-5706E69D0FF4}.Release|Mixed Platforms.Build.0 = Release|Any CPU
		{BA944BFF-020E-406A-A1D2-5706E69D0FF4}.Release|Win32.ActiveCfg = Release|Any CPU
		{7DC630EF-360B-408A-A9E2-869E7E1BCB8C}.Debug|Any CPU.ActiveCfg = Debug|Any CPU
		{7DC630EF-360B-408A-A9E2-869E7E1BCB8C}.Debug|Any CPU.Build.0 = Debug|Any CPU
		{7DC630EF-360B-408A-A9E2-869E7E1BCB8C}.Debug|Mixed Platforms.ActiveCfg = Debug|Any CPU
		{7DC630EF-360B-408A-A9E2-869E7E1BCB8C}.Debug|Mixed Platforms.Build.0 = Debug|Any CPU
		{7DC630EF-360B-408A-A9E2-869E7E1BCB8C}.Debug|Win32.ActiveCfg = Debug|Any CPU
		{7DC630EF-360B-408A-A9E2-869E7E1BCB8C}.Debug|Win32.Build.0 = Debug|Any CPU
		{7DC630EF-360B-408A-A9E2-869E7E1BCB8C}.Dev|Any CPU.ActiveCfg = Dev|Any CPU
		{7DC630EF-360B-408A-A9E2-869E7E1BCB8C}.Dev|Any CPU.Build.0 = Dev|Any CPU
		{7DC630EF-360B-408A-A9E2-869E7E1BCB8C}.Dev|Mixed Platforms.ActiveCfg = Dev|Any CPU
		{7DC630EF-360B-408A-A9E2-869E7E1BCB8C}.Dev|Mixed Platforms.Build.0 = Dev|Any CPU
		{7DC630EF-360B-408A-A9E2-869E7E1BCB8C}.Dev|Win32.ActiveCfg = Dev|Any CPU
		{7DC630EF-360B-408A-A9E2-869E7E1BCB8C}.Premier|Any CPU.ActiveCfg = Release|Any CPU
		{7DC630EF-360B-408A-A9E2-869E7E1BCB8C}.Premier|Any CPU.Build.0 = Release|Any CPU
		{7DC630EF-360B-408A-A9E2-869E7E1BCB8C}.Premier|Mixed Platforms.ActiveCfg = Release|Any CPU
		{7DC630EF-360B-408A-A9E2-869E7E1BCB8C}.Premier|Mixed Platforms.Build.0 = Release|Any CPU
		{7DC630EF-360B-408A-A9E2-869E7E1BCB8C}.Premier|Win32.ActiveCfg = Release|Any CPU
		{7DC630EF-360B-408A-A9E2-869E7E1BCB8C}.Release|Any CPU.ActiveCfg = Release|Any CPU
		{7DC630EF-360B-408A-A9E2-869E7E1BCB8C}.Release|Any CPU.Build.0 = Release|Any CPU
		{7DC630EF-360B-408A-A9E2-869E7E1BCB8C}.Release|Mixed Platforms.ActiveCfg = Release|Any CPU
		{7DC630EF-360B-408A-A9E2-869E7E1BCB8C}.Release|Mixed Platforms.Build.0 = Release|Any CPU
		{7DC630EF-360B-408A-A9E2-869E7E1BCB8C}.Release|Win32.ActiveCfg = Release|Any CPU
		{91E85C5D-28C3-4FC7-B000-DF50D5472A39}.Debug|Any CPU.ActiveCfg = Debug|Any CPU
		{91E85C5D-28C3-4FC7-B000-DF50D5472A39}.Debug|Any CPU.Build.0 = Debug|Any CPU
		{91E85C5D-28C3-4FC7-B000-DF50D5472A39}.Debug|Mixed Platforms.ActiveCfg = Debug|Any CPU
		{91E85C5D-28C3-4FC7-B000-DF50D5472A39}.Debug|Mixed Platforms.Build.0 = Debug|Any CPU
		{91E85C5D-28C3-4FC7-B000-DF50D5472A39}.Debug|Win32.ActiveCfg = Debug|Any CPU
		{91E85C5D-28C3-4FC7-B000-DF50D5472A39}.Debug|Win32.Build.0 = Debug|Any CPU
		{91E85C5D-28C3-4FC7-B000-DF50D5472A39}.Dev|Any CPU.ActiveCfg = Dev|Any CPU
		{91E85C5D-28C3-4FC7-B000-DF50D5472A39}.Dev|Any CPU.Build.0 = Dev|Any CPU
		{91E85C5D-28C3-4FC7-B000-DF50D5472A39}.Dev|Mixed Platforms.ActiveCfg = Dev|Any CPU
		{91E85C5D-28C3-4FC7-B000-DF50D5472A39}.Dev|Mixed Platforms.Build.0 = Dev|Any CPU
		{91E85C5D-28C3-4FC7-B000-DF50D5472A39}.Dev|Win32.ActiveCfg = Dev|Any CPU
		{91E85C5D-28C3-4FC7-B000-DF50D5472A39}.Premier|Any CPU.ActiveCfg = Release|Any CPU
		{91E85C5D-28C3-4FC7-B000-DF50D5472A39}.Premier|Any CPU.Build.0 = Release|Any CPU
		{91E85C5D-28C3-4FC7-B000-DF50D5472A39}.Premier|Mixed Platforms.ActiveCfg = Release|Any CPU
		{91E85C5D-28C3-4FC7-B000-DF50D5472A39}.Premier|Mixed Platforms.Build.0 = Release|Any CPU
		{91E85C5D-28C3-4FC7-B000-DF50D5472A39}.Premier|Win32.ActiveCfg = Release|Any CPU
		{91E85C5D-28C3-4FC7-B000-DF50D5472A39}.Release|Any CPU.ActiveCfg = Release|Any CPU
		{91E85C5D-28C3-4FC7-B000-DF50D5472A39}.Release|Any CPU.Build.0 = Release|Any CPU
		{91E85C5D-28C3-4FC7-B000-DF50D5472A39}.Release|Mixed Platforms.ActiveCfg = Release|Any CPU
		{91E85C5D-28C3-4FC7-B000-DF50D5472A39}.Release|Mixed Platforms.Build.0 = Release|Any CPU
		{91E85C5D-28C3-4FC7-B000-DF50D5472A39}.Release|Win32.ActiveCfg = Release|Any CPU
		{602965F3-B562-4545-9E08-4642ED018187}.Debug|Any CPU.ActiveCfg = Debug|Any CPU
		{602965F3-B562-4545-9E08-4642ED018187}.Debug|Any CPU.Build.0 = Debug|Any CPU
		{602965F3-B562-4545-9E08-4642ED018187}.Debug|Mixed Platforms.ActiveCfg = Debug|Any CPU
		{602965F3-B562-4545-9E08-4642ED018187}.Debug|Mixed Platforms.Build.0 = Debug|Any CPU
		{602965F3-B562-4545-9E08-4642ED018187}.Debug|Win32.ActiveCfg = Debug|Any CPU
		{602965F3-B562-4545-9E08-4642ED018187}.Debug|Win32.Build.0 = Debug|Any CPU
		{602965F3-B562-4545-9E08-4642ED018187}.Dev|Any CPU.ActiveCfg = Dev|Any CPU
		{602965F3-B562-4545-9E08-4642ED018187}.Dev|Any CPU.Build.0 = Dev|Any CPU
		{602965F3-B562-4545-9E08-4642ED018187}.Dev|Mixed Platforms.ActiveCfg = Dev|Any CPU
		{602965F3-B562-4545-9E08-4642ED018187}.Dev|Mixed Platforms.Build.0 = Dev|Any CPU
		{602965F3-B562-4545-9E08-4642ED018187}.Dev|Win32.ActiveCfg = Dev|Any CPU
		{602965F3-B562-4545-9E08-4642ED018187}.Premier|Any CPU.ActiveCfg = Release|Any CPU
		{602965F3-B562-4545-9E08-4642ED018187}.Premier|Any CPU.Build.0 = Release|Any CPU
		{602965F3-B562-4545-9E08-4642ED018187}.Premier|Mixed Platforms.ActiveCfg = Release|Any CPU
		{602965F3-B562-4545-9E08-4642ED018187}.Premier|Mixed Platforms.Build.0 = Release|Any CPU
		{602965F3-B562-4545-9E08-4642ED018187}.Premier|Win32.ActiveCfg = Release|Any CPU
		{602965F3-B562-4545-9E08-4642ED018187}.Release|Any CPU.ActiveCfg = Release|Any CPU
		{602965F3-B562-4545-9E08-4642ED018187}.Release|Any CPU.Build.0 = Release|Any CPU
		{602965F3-B562-4545-9E08-4642ED018187}.Release|Mixed Platforms.ActiveCfg = Release|Any CPU
		{602965F3-B562-4545-9E08-4642ED018187}.Release|Mixed Platforms.Build.0 = Release|Any CPU
		{602965F3-B562-4545-9E08-4642ED018187}.Release|Win32.ActiveCfg = Release|Any CPU
		{96DE53E2-F6AB-4E61-808E-383C7416AD7C}.Debug|Any CPU.ActiveCfg = Debug|Any CPU
		{96DE53E2-F6AB-4E61-808E-383C7416AD7C}.Debug|Any CPU.Build.0 = Debug|Any CPU
		{96DE53E2-F6AB-4E61-808E-383C7416AD7C}.Debug|Mixed Platforms.ActiveCfg = Debug|Any CPU
		{96DE53E2-F6AB-4E61-808E-383C7416AD7C}.Debug|Mixed Platforms.Build.0 = Debug|Any CPU
		{96DE53E2-F6AB-4E61-808E-383C7416AD7C}.Debug|Win32.ActiveCfg = Debug|Any CPU
		{96DE53E2-F6AB-4E61-808E-383C7416AD7C}.Debug|Win32.Build.0 = Debug|Any CPU
		{96DE53E2-F6AB-4E61-808E-383C7416AD7C}.Dev|Any CPU.ActiveCfg = Dev|Any CPU
		{96DE53E2-F6AB-4E61-808E-383C7416AD7C}.Dev|Any CPU.Build.0 = Dev|Any CPU
		{96DE53E2-F6AB-4E61-808E-383C7416AD7C}.Dev|Mixed Platforms.ActiveCfg = Dev|Any CPU
		{96DE53E2-F6AB-4E61-808E-383C7416AD7C}.Dev|Mixed Platforms.Build.0 = Dev|Any CPU
		{96DE53E2-F6AB-4E61-808E-383C7416AD7C}.Dev|Win32.ActiveCfg = Dev|Any CPU
		{96DE53E2-F6AB-4E61-808E-383C7416AD7C}.Premier|Any CPU.ActiveCfg = Release|Any CPU
		{96DE53E2-F6AB-4E61-808E-383C7416AD7C}.Premier|Any CPU.Build.0 = Release|Any CPU
		{96DE53E2-F6AB-4E61-808E-383C7416AD7C}.Premier|Mixed Platforms.ActiveCfg = Release|Any CPU
		{96DE53E2-F6AB-4E61-808E-383C7416AD7C}.Premier|Mixed Platforms.Build.0 = Release|Any CPU
		{96DE53E2-F6AB-4E61-808E-383C7416AD7C}.Premier|Win32.ActiveCfg = Release|Any CPU
		{96DE53E2-F6AB-4E61-808E-383C7416AD7C}.Release|Any CPU.ActiveCfg = Release|Any CPU
		{96DE53E2-F6AB-4E61-808E-383C7416AD7C}.Release|Any CPU.Build.0 = Release|Any CPU
		{96DE53E2-F6AB-4E61-808E-383C7416AD7C}.Release|Mixed Platforms.ActiveCfg = Release|Any CPU
		{96DE53E2-F6AB-4E61-808E-383C7416AD7C}.Release|Mixed Platforms.Build.0 = Release|Any CPU
		{96DE53E2-F6AB-4E61-808E-383C7416AD7C}.Release|Win32.ActiveCfg = Release|Any CPU
		{0FDE2710-C57E-4F17-84B4-4F005E15C971}.Debug|Any CPU.ActiveCfg = Debug|Any CPU
		{0FDE2710-C57E-4F17-84B4-4F005E15C971}.Debug|Any CPU.Build.0 = Debug|Any CPU
		{0FDE2710-C57E-4F17-84B4-4F005E15C971}.Debug|Mixed Platforms.ActiveCfg = Debug|Any CPU
		{0FDE2710-C57E-4F17-84B4-4F005E15C971}.Debug|Mixed Platforms.Build.0 = Debug|Any CPU
		{0FDE2710-C57E-4F17-84B4-4F005E15C971}.Debug|Win32.ActiveCfg = Debug|Any CPU
		{0FDE2710-C57E-4F17-84B4-4F005E15C971}.Debug|Win32.Build.0 = Debug|Any CPU
		{0FDE2710-C57E-4F17-84B4-4F005E15C971}.Dev|Any CPU.ActiveCfg = Dev|Any CPU
		{0FDE2710-C57E-4F17-84B4-4F005E15C971}.Dev|Any CPU.Build.0 = Dev|Any CPU
		{0FDE2710-C57E-4F17-84B4-4F005E15C971}.Dev|Mixed Platforms.ActiveCfg = Dev|Any CPU
		{0FDE2710-C57E-4F17-84B4-4F005E15C971}.Dev|Mixed Platforms.Build.0 = Dev|Any CPU
		{0FDE2710-C57E-4F17-84B4-4F005E15C971}.Dev|Win32.ActiveCfg = Dev|Any CPU
		{0FDE2710-C57E-4F17-84B4-4F005E15C971}.Premier|Any CPU.ActiveCfg = Release|Any CPU
		{0FDE2710-C57E-4F17-84B4-4F005E15C971}.Premier|Any CPU.Build.0 = Release|Any CPU
		{0FDE2710-C57E-4F17-84B4-4F005E15C971}.Premier|Mixed Platforms.ActiveCfg = Release|Any CPU
		{0FDE2710-C57E-4F17-84B4-4F005E15C971}.Premier|Mixed Platforms.Build.0 = Release|Any CPU
		{0FDE2710-C57E-4F17-84B4-4F005E15C971}.Premier|Win32.ActiveCfg = Release|Any CPU
		{0FDE2710-C57E-4F17-84B4-4F005E15C971}.Release|Any CPU.ActiveCfg = Release|Any CPU
		{0FDE2710-C57E-4F17-84B4-4F005E15C971}.Release|Any CPU.Build.0 = Release|Any CPU
		{0FDE2710-C57E-4F17-84B4-4F005E15C971}.Release|Mixed Platforms.ActiveCfg = Release|Any CPU
		{0FDE2710-C57E-4F17-84B4-4F005E15C971}.Release|Mixed Platforms.Build.0 = Release|Any CPU
		{0FDE2710-C57E-4F17-84B4-4F005E15C971}.Release|Win32.ActiveCfg = Release|Any CPU
		{D9CF000C-F46B-426E-A3BB-BC18A1F1EC57}.Debug|Any CPU.ActiveCfg = Debug|Any CPU
		{D9CF000C-F46B-426E-A3BB-BC18A1F1EC57}.Debug|Any CPU.Build.0 = Debug|Any CPU
		{D9CF000C-F46B-426E-A3BB-BC18A1F1EC57}.Debug|Mixed Platforms.ActiveCfg = Debug|Any CPU
		{D9CF000C-F46B-426E-A3BB-BC18A1F1EC57}.Debug|Mixed Platforms.Build.0 = Debug|Any CPU
		{D9CF000C-F46B-426E-A3BB-BC18A1F1EC57}.Debug|Win32.ActiveCfg = Debug|Any CPU
		{D9CF000C-F46B-426E-A3BB-BC18A1F1EC57}.Debug|Win32.Build.0 = Debug|Any CPU
		{D9CF000C-F46B-426E-A3BB-BC18A1F1EC57}.Dev|Any CPU.ActiveCfg = Dev|Any CPU
		{D9CF000C-F46B-426E-A3BB-BC18A1F1EC57}.Dev|Any CPU.Build.0 = Dev|Any CPU
		{D9CF000C-F46B-426E-A3BB-BC18A1F1EC57}.Dev|Mixed Platforms.ActiveCfg = Dev|Any CPU
		{D9CF000C-F46B-426E-A3BB-BC18A1F1EC57}.Dev|Mixed Platforms.Build.0 = Dev|Any CPU
		{D9CF000C-F46B-426E-A3BB-BC18A1F1EC57}.Dev|Win32.ActiveCfg = Dev|Any CPU
		{D9CF000C-F46B-426E-A3BB-BC18A1F1EC57}.Premier|Any CPU.ActiveCfg = Release|Any CPU
		{D9CF000C-F46B-426E-A3BB-BC18A1F1EC57}.Premier|Any CPU.Build.0 = Release|Any CPU
		{D9CF000C-F46B-426E-A3BB-BC18A1F1EC57}.Premier|Mixed Platforms.ActiveCfg = Release|Any CPU
		{D9CF000C-F46B-426E-A3BB-BC18A1F1EC57}.Premier|Mixed Platforms.Build.0 = Release|Any CPU
		{D9CF000C-F46B-426E-A3BB-BC18A1F1EC57}.Premier|Win32.ActiveCfg = Release|Any CPU
		{D9CF000C-F46B-426E-A3BB-BC18A1F1EC57}.Release|Any CPU.ActiveCfg = Release|Any CPU
		{D9CF000C-F46B-426E-A3BB-BC18A1F1EC57}.Release|Any CPU.Build.0 = Release|Any CPU
		{D9CF000C-F46B-426E-A3BB-BC18A1F1EC57}.Release|Mixed Platforms.ActiveCfg = Release|Any CPU
		{D9CF000C-F46B-426E-A3BB-BC18A1F1EC57}.Release|Mixed Platforms.Build.0 = Release|Any CPU
		{D9CF000C-F46B-426E-A3BB-BC18A1F1EC57}.Release|Win32.ActiveCfg = Release|Any CPU
		{0995F7BB-6A5E-4B01-9072-57D8D1AC4178}.Debug|Any CPU.ActiveCfg = Debug|Win32
		{0995F7BB-6A5E-4B01-9072-57D8D1AC4178}.Debug|Mixed Platforms.ActiveCfg = Debug|Win32
		{0995F7BB-6A5E-4B01-9072-57D8D1AC4178}.Debug|Mixed Platforms.Build.0 = Debug|Win32
		{0995F7BB-6A5E-4B01-9072-57D8D1AC4178}.Debug|Win32.ActiveCfg = Debug|Win32
		{0995F7BB-6A5E-4B01-9072-57D8D1AC4178}.Debug|Win32.Build.0 = Debug|Win32
		{0995F7BB-6A5E-4B01-9072-57D8D1AC4178}.Dev|Any CPU.ActiveCfg = Dev|Win32
		{0995F7BB-6A5E-4B01-9072-57D8D1AC4178}.Dev|Mixed Platforms.ActiveCfg = Release|Win32
		{0995F7BB-6A5E-4B01-9072-57D8D1AC4178}.Dev|Mixed Platforms.Build.0 = Release|Win32
		{0995F7BB-6A5E-4B01-9072-57D8D1AC4178}.Dev|Win32.ActiveCfg = Dev|Win32
		{0995F7BB-6A5E-4B01-9072-57D8D1AC4178}.Dev|Win32.Build.0 = Dev|Win32
		{0995F7BB-6A5E-4B01-9072-57D8D1AC4178}.Premier|Any CPU.ActiveCfg = Release|Win32
		{0995F7BB-6A5E-4B01-9072-57D8D1AC4178}.Premier|Mixed Platforms.ActiveCfg = Release|Win32
		{0995F7BB-6A5E-4B01-9072-57D8D1AC4178}.Premier|Mixed Platforms.Build.0 = Release|Win32
		{0995F7BB-6A5E-4B01-9072-57D8D1AC4178}.Premier|Win32.ActiveCfg = Release|Win32
		{0995F7BB-6A5E-4B01-9072-57D8D1AC4178}.Premier|Win32.Build.0 = Release|Win32
		{0995F7BB-6A5E-4B01-9072-57D8D1AC4178}.Release|Any CPU.ActiveCfg = Release|Win32
		{0995F7BB-6A5E-4B01-9072-57D8D1AC4178}.Release|Any CPU.Build.0 = Release|Win32
		{0995F7BB-6A5E-4B01-9072-57D8D1AC4178}.Release|Mixed Platforms.ActiveCfg = Release|Win32
		{0995F7BB-6A5E-4B01-9072-57D8D1AC4178}.Release|Mixed Platforms.Build.0 = Release|Win32
		{0995F7BB-6A5E-4B01-9072-57D8D1AC4178}.Release|Win32.ActiveCfg = Release|Win32
		{0995F7BB-6A5E-4B01-9072-57D8D1AC4178}.Release|Win32.Build.0 = Release|Win32
		{6B386E25-5A7F-4792-8978-B4E9066117F2}.Debug|Any CPU.ActiveCfg = Debug|Any CPU
		{6B386E25-5A7F-4792-8978-B4E9066117F2}.Debug|Any CPU.Build.0 = Debug|Any CPU
		{6B386E25-5A7F-4792-8978-B4E9066117F2}.Debug|Mixed Platforms.ActiveCfg = Debug|Any CPU
		{6B386E25-5A7F-4792-8978-B4E9066117F2}.Debug|Mixed Platforms.Build.0 = Debug|Any CPU
		{6B386E25-5A7F-4792-8978-B4E9066117F2}.Debug|Win32.ActiveCfg = Debug|Any CPU
		{6B386E25-5A7F-4792-8978-B4E9066117F2}.Dev|Any CPU.ActiveCfg = Debug|Any CPU
		{6B386E25-5A7F-4792-8978-B4E9066117F2}.Dev|Any CPU.Build.0 = Debug|Any CPU
		{6B386E25-5A7F-4792-8978-B4E9066117F2}.Dev|Mixed Platforms.ActiveCfg = Debug|Any CPU
		{6B386E25-5A7F-4792-8978-B4E9066117F2}.Dev|Mixed Platforms.Build.0 = Debug|Any CPU
		{6B386E25-5A7F-4792-8978-B4E9066117F2}.Dev|Win32.ActiveCfg = Debug|Any CPU
		{6B386E25-5A7F-4792-8978-B4E9066117F2}.Premier|Any CPU.ActiveCfg = Release|Any CPU
		{6B386E25-5A7F-4792-8978-B4E9066117F2}.Premier|Any CPU.Build.0 = Release|Any CPU
		{6B386E25-5A7F-4792-8978-B4E9066117F2}.Premier|Mixed Platforms.ActiveCfg = Release|Any CPU
		{6B386E25-5A7F-4792-8978-B4E9066117F2}.Premier|Mixed Platforms.Build.0 = Release|Any CPU
		{6B386E25-5A7F-4792-8978-B4E9066117F2}.Premier|Win32.ActiveCfg = Release|Any CPU
		{6B386E25-5A7F-4792-8978-B4E9066117F2}.Release|Any CPU.ActiveCfg = Release|Any CPU
		{6B386E25-5A7F-4792-8978-B4E9066117F2}.Release|Any CPU.Build.0 = Release|Any CPU
		{6B386E25-5A7F-4792-8978-B4E9066117F2}.Release|Mixed Platforms.ActiveCfg = Release|Any CPU
		{6B386E25-5A7F-4792-8978-B4E9066117F2}.Release|Mixed Platforms.Build.0 = Release|Any CPU
		{6B386E25-5A7F-4792-8978-B4E9066117F2}.Release|Win32.ActiveCfg = Release|Any CPU
		{CC96AA47-CE03-42C3-B832-B3F5E7B2CB35}.Debug|Any CPU.ActiveCfg = Debug|Any CPU
		{CC96AA47-CE03-42C3-B832-B3F5E7B2CB35}.Debug|Any CPU.Build.0 = Debug|Any CPU
		{CC96AA47-CE03-42C3-B832-B3F5E7B2CB35}.Debug|Mixed Platforms.ActiveCfg = Debug|Any CPU
		{CC96AA47-CE03-42C3-B832-B3F5E7B2CB35}.Debug|Mixed Platforms.Build.0 = Debug|Any CPU
		{CC96AA47-CE03-42C3-B832-B3F5E7B2CB35}.Debug|Win32.ActiveCfg = Debug|Any CPU
		{CC96AA47-CE03-42C3-B832-B3F5E7B2CB35}.Dev|Any CPU.ActiveCfg = Dev|Any CPU
		{CC96AA47-CE03-42C3-B832-B3F5E7B2CB35}.Dev|Any CPU.Build.0 = Dev|Any CPU
		{CC96AA47-CE03-42C3-B832-B3F5E7B2CB35}.Dev|Mixed Platforms.ActiveCfg = Dev|Any CPU
		{CC96AA47-CE03-42C3-B832-B3F5E7B2CB35}.Dev|Mixed Platforms.Build.0 = Dev|Any CPU
		{CC96AA47-CE03-42C3-B832-B3F5E7B2CB35}.Dev|Win32.ActiveCfg = Dev|Any CPU
		{CC96AA47-CE03-42C3-B832-B3F5E7B2CB35}.Premier|Any CPU.ActiveCfg = Release|Any CPU
		{CC96AA47-CE03-42C3-B832-B3F5E7B2CB35}.Premier|Any CPU.Build.0 = Release|Any CPU
		{CC96AA47-CE03-42C3-B832-B3F5E7B2CB35}.Premier|Mixed Platforms.ActiveCfg = Release|Any CPU
		{CC96AA47-CE03-42C3-B832-B3F5E7B2CB35}.Premier|Mixed Platforms.Build.0 = Release|Any CPU
		{CC96AA47-CE03-42C3-B832-B3F5E7B2CB35}.Premier|Win32.ActiveCfg = Release|Any CPU
		{CC96AA47-CE03-42C3-B832-B3F5E7B2CB35}.Release|Any CPU.ActiveCfg = Release|Any CPU
		{CC96AA47-CE03-42C3-B832-B3F5E7B2CB35}.Release|Any CPU.Build.0 = Release|Any CPU
		{CC96AA47-CE03-42C3-B832-B3F5E7B2CB35}.Release|Mixed Platforms.ActiveCfg = Release|Any CPU
		{CC96AA47-CE03-42C3-B832-B3F5E7B2CB35}.Release|Mixed Platforms.Build.0 = Release|Any CPU
		{CC96AA47-CE03-42C3-B832-B3F5E7B2CB35}.Release|Win32.ActiveCfg = Release|Any CPU
		{E9CA7D35-96D1-4328-B8F0-BE0CAD2DAC4A}.Debug|Any CPU.ActiveCfg = Debug|Any CPU
		{E9CA7D35-96D1-4328-B8F0-BE0CAD2DAC4A}.Debug|Any CPU.Build.0 = Debug|Any CPU
		{E9CA7D35-96D1-4328-B8F0-BE0CAD2DAC4A}.Debug|Mixed Platforms.ActiveCfg = Debug|Any CPU
		{E9CA7D35-96D1-4328-B8F0-BE0CAD2DAC4A}.Debug|Mixed Platforms.Build.0 = Debug|Any CPU
		{E9CA7D35-96D1-4328-B8F0-BE0CAD2DAC4A}.Debug|Win32.ActiveCfg = Debug|Any CPU
		{E9CA7D35-96D1-4328-B8F0-BE0CAD2DAC4A}.Dev|Any CPU.ActiveCfg = Dev|Any CPU
		{E9CA7D35-96D1-4328-B8F0-BE0CAD2DAC4A}.Dev|Any CPU.Build.0 = Dev|Any CPU
		{E9CA7D35-96D1-4328-B8F0-BE0CAD2DAC4A}.Dev|Mixed Platforms.ActiveCfg = Dev|Any CPU
		{E9CA7D35-96D1-4328-B8F0-BE0CAD2DAC4A}.Dev|Mixed Platforms.Build.0 = Dev|Any CPU
		{E9CA7D35-96D1-4328-B8F0-BE0CAD2DAC4A}.Dev|Win32.ActiveCfg = Dev|Any CPU
		{E9CA7D35-96D1-4328-B8F0-BE0CAD2DAC4A}.Premier|Any CPU.ActiveCfg = Release|Any CPU
		{E9CA7D35-96D1-4328-B8F0-BE0CAD2DAC4A}.Premier|Any CPU.Build.0 = Release|Any CPU
		{E9CA7D35-96D1-4328-B8F0-BE0CAD2DAC4A}.Premier|Mixed Platforms.ActiveCfg = Release|Any CPU
		{E9CA7D35-96D1-4328-B8F0-BE0CAD2DAC4A}.Premier|Mixed Platforms.Build.0 = Release|Any CPU
		{E9CA7D35-96D1-4328-B8F0-BE0CAD2DAC4A}.Premier|Win32.ActiveCfg = Release|Any CPU
		{E9CA7D35-96D1-4328-B8F0-BE0CAD2DAC4A}.Release|Any CPU.ActiveCfg = Release|Any CPU
		{E9CA7D35-96D1-4328-B8F0-BE0CAD2DAC4A}.Release|Any CPU.Build.0 = Release|Any CPU
		{E9CA7D35-96D1-4328-B8F0-BE0CAD2DAC4A}.Release|Mixed Platforms.ActiveCfg = Release|Any CPU
		{E9CA7D35-96D1-4328-B8F0-BE0CAD2DAC4A}.Release|Mixed Platforms.Build.0 = Release|Any CPU
		{E9CA7D35-96D1-4328-B8F0-BE0CAD2DAC4A}.Release|Win32.ActiveCfg = Release|Any CPU
		{2105D13F-8526-4B81-88C5-CC927DAC8CA4}.Debug|Any CPU.ActiveCfg = Debug|Any CPU
		{2105D13F-8526-4B81-88C5-CC927DAC8CA4}.Debug|Any CPU.Build.0 = Debug|Any CPU
		{2105D13F-8526-4B81-88C5-CC927DAC8CA4}.Debug|Mixed Platforms.ActiveCfg = Debug|Any CPU
		{2105D13F-8526-4B81-88C5-CC927DAC8CA4}.Debug|Mixed Platforms.Build.0 = Debug|Any CPU
		{2105D13F-8526-4B81-88C5-CC927DAC8CA4}.Debug|Win32.ActiveCfg = Debug|Any CPU
		{2105D13F-8526-4B81-88C5-CC927DAC8CA4}.Dev|Any CPU.ActiveCfg = Dev|Any CPU
		{2105D13F-8526-4B81-88C5-CC927DAC8CA4}.Dev|Any CPU.Build.0 = Dev|Any CPU
		{2105D13F-8526-4B81-88C5-CC927DAC8CA4}.Dev|Mixed Platforms.ActiveCfg = Dev|Any CPU
		{2105D13F-8526-4B81-88C5-CC927DAC8CA4}.Dev|Mixed Platforms.Build.0 = Dev|Any CPU
		{2105D13F-8526-4B81-88C5-CC927DAC8CA4}.Dev|Win32.ActiveCfg = Dev|Any CPU
		{2105D13F-8526-4B81-88C5-CC927DAC8CA4}.Premier|Any CPU.ActiveCfg = Release|Any CPU
		{2105D13F-8526-4B81-88C5-CC927DAC8CA4}.Premier|Any CPU.Build.0 = Release|Any CPU
		{2105D13F-8526-4B81-88C5-CC927DAC8CA4}.Premier|Mixed Platforms.ActiveCfg = Release|Any CPU
		{2105D13F-8526-4B81-88C5-CC927DAC8CA4}.Premier|Mixed Platforms.Build.0 = Release|Any CPU
		{2105D13F-8526-4B81-88C5-CC927DAC8CA4}.Premier|Win32.ActiveCfg = Release|Any CPU
		{2105D13F-8526-4B81-88C5-CC927DAC8CA4}.Release|Any CPU.ActiveCfg = Release|Any CPU
		{2105D13F-8526-4B81-88C5-CC927DAC8CA4}.Release|Any CPU.Build.0 = Release|Any CPU
		{2105D13F-8526-4B81-88C5-CC927DAC8CA4}.Release|Mixed Platforms.ActiveCfg = Release|Any CPU
		{2105D13F-8526-4B81-88C5-CC927DAC8CA4}.Release|Mixed Platforms.Build.0 = Release|Any CPU
		{2105D13F-8526-4B81-88C5-CC927DAC8CA4}.Release|Win32.ActiveCfg = Release|Any CPU
		{6AB81B08-6B6C-4B49-AFE9-2582762630E1}.Debug|Any CPU.ActiveCfg = Debug|Any CPU
		{6AB81B08-6B6C-4B49-AFE9-2582762630E1}.Debug|Any CPU.Build.0 = Debug|Any CPU
		{6AB81B08-6B6C-4B49-AFE9-2582762630E1}.Debug|Mixed Platforms.ActiveCfg = Debug|Any CPU
		{6AB81B08-6B6C-4B49-AFE9-2582762630E1}.Debug|Mixed Platforms.Build.0 = Debug|Any CPU
		{6AB81B08-6B6C-4B49-AFE9-2582762630E1}.Debug|Win32.ActiveCfg = Debug|Any CPU
		{6AB81B08-6B6C-4B49-AFE9-2582762630E1}.Dev|Any CPU.ActiveCfg = Dev|Any CPU
		{6AB81B08-6B6C-4B49-AFE9-2582762630E1}.Dev|Any CPU.Build.0 = Dev|Any CPU
		{6AB81B08-6B6C-4B49-AFE9-2582762630E1}.Dev|Mixed Platforms.ActiveCfg = Dev|Any CPU
		{6AB81B08-6B6C-4B49-AFE9-2582762630E1}.Dev|Mixed Platforms.Build.0 = Dev|Any CPU
		{6AB81B08-6B6C-4B49-AFE9-2582762630E1}.Dev|Win32.ActiveCfg = Dev|Any CPU
		{6AB81B08-6B6C-4B49-AFE9-2582762630E1}.Premier|Any CPU.ActiveCfg = Release|Any CPU
		{6AB81B08-6B6C-4B49-AFE9-2582762630E1}.Premier|Any CPU.Build.0 = Release|Any CPU
		{6AB81B08-6B6C-4B49-AFE9-2582762630E1}.Premier|Mixed Platforms.ActiveCfg = Release|Any CPU
		{6AB81B08-6B6C-4B49-AFE9-2582762630E1}.Premier|Mixed Platforms.Build.0 = Release|Any CPU
		{6AB81B08-6B6C-4B49-AFE9-2582762630E1}.Premier|Win32.ActiveCfg = Release|Any CPU
		{6AB81B08-6B6C-4B49-AFE9-2582762630E1}.Release|Any CPU.ActiveCfg = Release|Any CPU
		{6AB81B08-6B6C-4B49-AFE9-2582762630E1}.Release|Any CPU.Build.0 = Release|Any CPU
		{6AB81B08-6B6C-4B49-AFE9-2582762630E1}.Release|Mixed Platforms.ActiveCfg = Release|Any CPU
		{6AB81B08-6B6C-4B49-AFE9-2582762630E1}.Release|Mixed Platforms.Build.0 = Release|Any CPU
		{6AB81B08-6B6C-4B49-AFE9-2582762630E1}.Release|Win32.ActiveCfg = Release|Any CPU
		{D97787A4-717D-456C-98AB-5F3E34110E7D}.Debug|Any CPU.ActiveCfg = Debug|Any CPU
		{D97787A4-717D-456C-98AB-5F3E34110E7D}.Debug|Any CPU.Build.0 = Debug|Any CPU
		{D97787A4-717D-456C-98AB-5F3E34110E7D}.Debug|Mixed Platforms.ActiveCfg = Debug|Any CPU
		{D97787A4-717D-456C-98AB-5F3E34110E7D}.Debug|Mixed Platforms.Build.0 = Debug|Any CPU
		{D97787A4-717D-456C-98AB-5F3E34110E7D}.Debug|Win32.ActiveCfg = Debug|Any CPU
		{D97787A4-717D-456C-98AB-5F3E34110E7D}.Dev|Any CPU.ActiveCfg = Debug|Any CPU
		{D97787A4-717D-456C-98AB-5F3E34110E7D}.Dev|Any CPU.Build.0 = Debug|Any CPU
		{D97787A4-717D-456C-98AB-5F3E34110E7D}.Dev|Mixed Platforms.ActiveCfg = Debug|Any CPU
		{D97787A4-717D-456C-98AB-5F3E34110E7D}.Dev|Mixed Platforms.Build.0 = Debug|Any CPU
		{D97787A4-717D-456C-98AB-5F3E34110E7D}.Dev|Win32.ActiveCfg = Debug|Any CPU
		{D97787A4-717D-456C-98AB-5F3E34110E7D}.Premier|Any CPU.ActiveCfg = Release|Any CPU
		{D97787A4-717D-456C-98AB-5F3E34110E7D}.Premier|Any CPU.Build.0 = Release|Any CPU
		{D97787A4-717D-456C-98AB-5F3E34110E7D}.Premier|Mixed Platforms.ActiveCfg = Release|Any CPU
		{D97787A4-717D-456C-98AB-5F3E34110E7D}.Premier|Mixed Platforms.Build.0 = Release|Any CPU
		{D97787A4-717D-456C-98AB-5F3E34110E7D}.Premier|Win32.ActiveCfg = Release|Any CPU
		{D97787A4-717D-456C-98AB-5F3E34110E7D}.Release|Any CPU.ActiveCfg = Release|Any CPU
		{D97787A4-717D-456C-98AB-5F3E34110E7D}.Release|Any CPU.Build.0 = Release|Any CPU
		{D97787A4-717D-456C-98AB-5F3E34110E7D}.Release|Mixed Platforms.ActiveCfg = Release|Any CPU
		{D97787A4-717D-456C-98AB-5F3E34110E7D}.Release|Mixed Platforms.Build.0 = Release|Any CPU
		{D97787A4-717D-456C-98AB-5F3E34110E7D}.Release|Win32.ActiveCfg = Release|Any CPU
		{725B5385-607E-42FE-81B2-E1383C37B073}.Debug|Any CPU.ActiveCfg = Debug|Any CPU
		{725B5385-607E-42FE-81B2-E1383C37B073}.Debug|Any CPU.Build.0 = Debug|Any CPU
		{725B5385-607E-42FE-81B2-E1383C37B073}.Debug|Mixed Platforms.ActiveCfg = Debug|Any CPU
		{725B5385-607E-42FE-81B2-E1383C37B073}.Debug|Mixed Platforms.Build.0 = Debug|Any CPU
		{725B5385-607E-42FE-81B2-E1383C37B073}.Debug|Win32.ActiveCfg = Debug|Any CPU
		{725B5385-607E-42FE-81B2-E1383C37B073}.Dev|Any CPU.ActiveCfg = Debug|Any CPU
		{725B5385-607E-42FE-81B2-E1383C37B073}.Dev|Any CPU.Build.0 = Debug|Any CPU
		{725B5385-607E-42FE-81B2-E1383C37B073}.Dev|Mixed Platforms.ActiveCfg = Debug|Any CPU
		{725B5385-607E-42FE-81B2-E1383C37B073}.Dev|Mixed Platforms.Build.0 = Debug|Any CPU
		{725B5385-607E-42FE-81B2-E1383C37B073}.Dev|Win32.ActiveCfg = Debug|Any CPU
		{725B5385-607E-42FE-81B2-E1383C37B073}.Premier|Any CPU.ActiveCfg = Release|Any CPU
		{725B5385-607E-42FE-81B2-E1383C37B073}.Premier|Any CPU.Build.0 = Release|Any CPU
		{725B5385-607E-42FE-81B2-E1383C37B073}.Premier|Mixed Platforms.ActiveCfg = Release|Any CPU
		{725B5385-607E-42FE-81B2-E1383C37B073}.Premier|Mixed Platforms.Build.0 = Release|Any CPU
		{725B5385-607E-42FE-81B2-E1383C37B073}.Premier|Win32.ActiveCfg = Release|Any CPU
		{725B5385-607E-42FE-81B2-E1383C37B073}.Release|Any CPU.ActiveCfg = Release|Any CPU
		{725B5385-607E-42FE-81B2-E1383C37B073}.Release|Any CPU.Build.0 = Release|Any CPU
		{725B5385-607E-42FE-81B2-E1383C37B073}.Release|Mixed Platforms.ActiveCfg = Release|Any CPU
		{725B5385-607E-42FE-81B2-E1383C37B073}.Release|Mixed Platforms.Build.0 = Release|Any CPU
		{725B5385-607E-42FE-81B2-E1383C37B073}.Release|Win32.ActiveCfg = Release|Any CPU
		{C1F21DED-A481-451F-B2E3-42E457663CCE}.Debug|Any CPU.ActiveCfg = Debug|Any CPU
		{C1F21DED-A481-451F-B2E3-42E457663CCE}.Debug|Any CPU.Build.0 = Debug|Any CPU
		{C1F21DED-A481-451F-B2E3-42E457663CCE}.Debug|Mixed Platforms.ActiveCfg = Debug|Any CPU
		{C1F21DED-A481-451F-B2E3-42E457663CCE}.Debug|Mixed Platforms.Build.0 = Debug|Any CPU
		{C1F21DED-A481-451F-B2E3-42E457663CCE}.Debug|Win32.ActiveCfg = Debug|Any CPU
		{C1F21DED-A481-451F-B2E3-42E457663CCE}.Dev|Any CPU.ActiveCfg = Debug|Any CPU
		{C1F21DED-A481-451F-B2E3-42E457663CCE}.Dev|Any CPU.Build.0 = Debug|Any CPU
		{C1F21DED-A481-451F-B2E3-42E457663CCE}.Dev|Mixed Platforms.ActiveCfg = Debug|Any CPU
		{C1F21DED-A481-451F-B2E3-42E457663CCE}.Dev|Mixed Platforms.Build.0 = Debug|Any CPU
		{C1F21DED-A481-451F-B2E3-42E457663CCE}.Dev|Win32.ActiveCfg = Debug|Any CPU
		{C1F21DED-A481-451F-B2E3-42E457663CCE}.Premier|Any CPU.ActiveCfg = Release|Any CPU
		{C1F21DED-A481-451F-B2E3-42E457663CCE}.Premier|Any CPU.Build.0 = Release|Any CPU
		{C1F21DED-A481-451F-B2E3-42E457663CCE}.Premier|Mixed Platforms.ActiveCfg = Release|Any CPU
		{C1F21DED-A481-451F-B2E3-42E457663CCE}.Premier|Mixed Platforms.Build.0 = Release|Any CPU
		{C1F21DED-A481-451F-B2E3-42E457663CCE}.Premier|Win32.ActiveCfg = Release|Any CPU
		{C1F21DED-A481-451F-B2E3-42E457663CCE}.Release|Any CPU.ActiveCfg = Release|Any CPU
		{C1F21DED-A481-451F-B2E3-42E457663CCE}.Release|Any CPU.Build.0 = Release|Any CPU
		{C1F21DED-A481-451F-B2E3-42E457663CCE}.Release|Mixed Platforms.ActiveCfg = Release|Any CPU
		{C1F21DED-A481-451F-B2E3-42E457663CCE}.Release|Mixed Platforms.Build.0 = Release|Any CPU
		{C1F21DED-A481-451F-B2E3-42E457663CCE}.Release|Win32.ActiveCfg = Release|Any CPU
		{1A11B4AD-4D09-4A15-9C73-FEFCB138CDE4}.Debug|Any CPU.ActiveCfg = Debug|Any CPU
		{1A11B4AD-4D09-4A15-9C73-FEFCB138CDE4}.Debug|Any CPU.Build.0 = Debug|Any CPU
		{1A11B4AD-4D09-4A15-9C73-FEFCB138CDE4}.Debug|Mixed Platforms.ActiveCfg = Debug|Any CPU
		{1A11B4AD-4D09-4A15-9C73-FEFCB138CDE4}.Debug|Mixed Platforms.Build.0 = Debug|Any CPU
		{1A11B4AD-4D09-4A15-9C73-FEFCB138CDE4}.Debug|Win32.ActiveCfg = Debug|Any CPU
		{1A11B4AD-4D09-4A15-9C73-FEFCB138CDE4}.Dev|Any CPU.ActiveCfg = Debug|Any CPU
		{1A11B4AD-4D09-4A15-9C73-FEFCB138CDE4}.Dev|Any CPU.Build.0 = Debug|Any CPU
		{1A11B4AD-4D09-4A15-9C73-FEFCB138CDE4}.Dev|Mixed Platforms.ActiveCfg = Debug|Any CPU
		{1A11B4AD-4D09-4A15-9C73-FEFCB138CDE4}.Dev|Mixed Platforms.Build.0 = Debug|Any CPU
		{1A11B4AD-4D09-4A15-9C73-FEFCB138CDE4}.Dev|Win32.ActiveCfg = Debug|Any CPU
		{1A11B4AD-4D09-4A15-9C73-FEFCB138CDE4}.Premier|Any CPU.ActiveCfg = Release|Any CPU
		{1A11B4AD-4D09-4A15-9C73-FEFCB138CDE4}.Premier|Any CPU.Build.0 = Release|Any CPU
		{1A11B4AD-4D09-4A15-9C73-FEFCB138CDE4}.Premier|Mixed Platforms.ActiveCfg = Release|Any CPU
		{1A11B4AD-4D09-4A15-9C73-FEFCB138CDE4}.Premier|Mixed Platforms.Build.0 = Release|Any CPU
		{1A11B4AD-4D09-4A15-9C73-FEFCB138CDE4}.Premier|Win32.ActiveCfg = Release|Any CPU
		{1A11B4AD-4D09-4A15-9C73-FEFCB138CDE4}.Release|Any CPU.ActiveCfg = Release|Any CPU
		{1A11B4AD-4D09-4A15-9C73-FEFCB138CDE4}.Release|Any CPU.Build.0 = Release|Any CPU
		{1A11B4AD-4D09-4A15-9C73-FEFCB138CDE4}.Release|Mixed Platforms.ActiveCfg = Release|Any CPU
		{1A11B4AD-4D09-4A15-9C73-FEFCB138CDE4}.Release|Mixed Platforms.Build.0 = Release|Any CPU
		{1A11B4AD-4D09-4A15-9C73-FEFCB138CDE4}.Release|Win32.ActiveCfg = Release|Any CPU
		{20D9A997-F0A2-4117-9757-1DBD495E5F3B}.Debug|Any CPU.ActiveCfg = Debug|Any CPU
		{20D9A997-F0A2-4117-9757-1DBD495E5F3B}.Debug|Any CPU.Build.0 = Debug|Any CPU
		{20D9A997-F0A2-4117-9757-1DBD495E5F3B}.Debug|Mixed Platforms.ActiveCfg = Debug|Any CPU
		{20D9A997-F0A2-4117-9757-1DBD495E5F3B}.Debug|Mixed Platforms.Build.0 = Debug|Any CPU
		{20D9A997-F0A2-4117-9757-1DBD495E5F3B}.Debug|Win32.ActiveCfg = Debug|Any CPU
		{20D9A997-F0A2-4117-9757-1DBD495E5F3B}.Dev|Any CPU.ActiveCfg = Debug|Any CPU
		{20D9A997-F0A2-4117-9757-1DBD495E5F3B}.Dev|Any CPU.Build.0 = Debug|Any CPU
		{20D9A997-F0A2-4117-9757-1DBD495E5F3B}.Dev|Mixed Platforms.ActiveCfg = Debug|Any CPU
		{20D9A997-F0A2-4117-9757-1DBD495E5F3B}.Dev|Mixed Platforms.Build.0 = Debug|Any CPU
		{20D9A997-F0A2-4117-9757-1DBD495E5F3B}.Dev|Win32.ActiveCfg = Debug|Any CPU
		{20D9A997-F0A2-4117-9757-1DBD495E5F3B}.Premier|Any CPU.ActiveCfg = Release|Any CPU
		{20D9A997-F0A2-4117-9757-1DBD495E5F3B}.Premier|Any CPU.Build.0 = Release|Any CPU
		{20D9A997-F0A2-4117-9757-1DBD495E5F3B}.Premier|Mixed Platforms.ActiveCfg = Release|Any CPU
		{20D9A997-F0A2-4117-9757-1DBD495E5F3B}.Premier|Mixed Platforms.Build.0 = Release|Any CPU
		{20D9A997-F0A2-4117-9757-1DBD495E5F3B}.Premier|Win32.ActiveCfg = Release|Any CPU
		{20D9A997-F0A2-4117-9757-1DBD495E5F3B}.Release|Any CPU.ActiveCfg = Release|Any CPU
		{20D9A997-F0A2-4117-9757-1DBD495E5F3B}.Release|Any CPU.Build.0 = Release|Any CPU
		{20D9A997-F0A2-4117-9757-1DBD495E5F3B}.Release|Mixed Platforms.ActiveCfg = Release|Any CPU
		{20D9A997-F0A2-4117-9757-1DBD495E5F3B}.Release|Mixed Platforms.Build.0 = Release|Any CPU
		{20D9A997-F0A2-4117-9757-1DBD495E5F3B}.Release|Win32.ActiveCfg = Release|Any CPU
		{C6D9EDCC-E9A7-4C3C-AE4A-51897DADCA58}.Debug|Any CPU.ActiveCfg = Debug|Any CPU
		{C6D9EDCC-E9A7-4C3C-AE4A-51897DADCA58}.Debug|Any CPU.Build.0 = Debug|Any CPU
		{C6D9EDCC-E9A7-4C3C-AE4A-51897DADCA58}.Debug|Mixed Platforms.ActiveCfg = Debug|Any CPU
		{C6D9EDCC-E9A7-4C3C-AE4A-51897DADCA58}.Debug|Mixed Platforms.Build.0 = Debug|Any CPU
		{C6D9EDCC-E9A7-4C3C-AE4A-51897DADCA58}.Debug|Win32.ActiveCfg = Debug|Any CPU
		{C6D9EDCC-E9A7-4C3C-AE4A-51897DADCA58}.Dev|Any CPU.ActiveCfg = Debug|Any CPU
		{C6D9EDCC-E9A7-4C3C-AE4A-51897DADCA58}.Dev|Any CPU.Build.0 = Debug|Any CPU
		{C6D9EDCC-E9A7-4C3C-AE4A-51897DADCA58}.Dev|Mixed Platforms.ActiveCfg = Debug|Any CPU
		{C6D9EDCC-E9A7-4C3C-AE4A-51897DADCA58}.Dev|Mixed Platforms.Build.0 = Debug|Any CPU
		{C6D9EDCC-E9A7-4C3C-AE4A-51897DADCA58}.Dev|Win32.ActiveCfg = Debug|Any CPU
		{C6D9EDCC-E9A7-4C3C-AE4A-51897DADCA58}.Premier|Any CPU.ActiveCfg = Release|Any CPU
		{C6D9EDCC-E9A7-4C3C-AE4A-51897DADCA58}.Premier|Any CPU.Build.0 = Release|Any CPU
		{C6D9EDCC-E9A7-4C3C-AE4A-51897DADCA58}.Premier|Mixed Platforms.ActiveCfg = Release|Any CPU
		{C6D9EDCC-E9A7-4C3C-AE4A-51897DADCA58}.Premier|Mixed Platforms.Build.0 = Release|Any CPU
		{C6D9EDCC-E9A7-4C3C-AE4A-51897DADCA58}.Premier|Win32.ActiveCfg = Release|Any CPU
		{C6D9EDCC-E9A7-4C3C-AE4A-51897DADCA58}.Release|Any CPU.ActiveCfg = Release|Any CPU
		{C6D9EDCC-E9A7-4C3C-AE4A-51897DADCA58}.Release|Any CPU.Build.0 = Release|Any CPU
		{C6D9EDCC-E9A7-4C3C-AE4A-51897DADCA58}.Release|Mixed Platforms.ActiveCfg = Release|Any CPU
		{C6D9EDCC-E9A7-4C3C-AE4A-51897DADCA58}.Release|Mixed Platforms.Build.0 = Release|Any CPU
		{C6D9EDCC-E9A7-4C3C-AE4A-51897DADCA58}.Release|Win32.ActiveCfg = Release|Any CPU
		{F785F5E4-0F59-4F51-8C54-D211CB717B9E}.Debug|Any CPU.ActiveCfg = Debug|Any CPU
		{F785F5E4-0F59-4F51-8C54-D211CB717B9E}.Debug|Any CPU.Build.0 = Debug|Any CPU
		{F785F5E4-0F59-4F51-8C54-D211CB717B9E}.Debug|Mixed Platforms.ActiveCfg = Debug|Any CPU
		{F785F5E4-0F59-4F51-8C54-D211CB717B9E}.Debug|Mixed Platforms.Build.0 = Debug|Any CPU
		{F785F5E4-0F59-4F51-8C54-D211CB717B9E}.Debug|Win32.ActiveCfg = Debug|Any CPU
		{F785F5E4-0F59-4F51-8C54-D211CB717B9E}.Dev|Any CPU.ActiveCfg = Debug|Any CPU
		{F785F5E4-0F59-4F51-8C54-D211CB717B9E}.Dev|Any CPU.Build.0 = Debug|Any CPU
		{F785F5E4-0F59-4F51-8C54-D211CB717B9E}.Dev|Mixed Platforms.ActiveCfg = Debug|Any CPU
		{F785F5E4-0F59-4F51-8C54-D211CB717B9E}.Dev|Mixed Platforms.Build.0 = Debug|Any CPU
		{F785F5E4-0F59-4F51-8C54-D211CB717B9E}.Dev|Win32.ActiveCfg = Debug|Any CPU
		{F785F5E4-0F59-4F51-8C54-D211CB717B9E}.Premier|Any CPU.ActiveCfg = Release|Any CPU
		{F785F5E4-0F59-4F51-8C54-D211CB717B9E}.Premier|Any CPU.Build.0 = Release|Any CPU
		{F785F5E4-0F59-4F51-8C54-D211CB717B9E}.Premier|Mixed Platforms.ActiveCfg = Release|Any CPU
		{F785F5E4-0F59-4F51-8C54-D211CB717B9E}.Premier|Mixed Platforms.Build.0 = Release|Any CPU
		{F785F5E4-0F59-4F51-8C54-D211CB717B9E}.Premier|Win32.ActiveCfg = Release|Any CPU
		{F785F5E4-0F59-4F51-8C54-D211CB717B9E}.Release|Any CPU.ActiveCfg = Release|Any CPU
		{F785F5E4-0F59-4F51-8C54-D211CB717B9E}.Release|Any CPU.Build.0 = Release|Any CPU
		{F785F5E4-0F59-4F51-8C54-D211CB717B9E}.Release|Mixed Platforms.ActiveCfg = Release|Any CPU
		{F785F5E4-0F59-4F51-8C54-D211CB717B9E}.Release|Mixed Platforms.Build.0 = Release|Any CPU
		{F785F5E4-0F59-4F51-8C54-D211CB717B9E}.Release|Win32.ActiveCfg = Release|Any CPU
		{5B5915B0-55C6-43AA-B1B6-04BDB7A405E3}.Debug|Any CPU.ActiveCfg = Debug|Any CPU
		{5B5915B0-55C6-43AA-B1B6-04BDB7A405E3}.Debug|Any CPU.Build.0 = Debug|Any CPU
		{5B5915B0-55C6-43AA-B1B6-04BDB7A405E3}.Debug|Mixed Platforms.ActiveCfg = Debug|Any CPU
		{5B5915B0-55C6-43AA-B1B6-04BDB7A405E3}.Debug|Mixed Platforms.Build.0 = Debug|Any CPU
		{5B5915B0-55C6-43AA-B1B6-04BDB7A405E3}.Debug|Win32.ActiveCfg = Debug|Any CPU
		{5B5915B0-55C6-43AA-B1B6-04BDB7A405E3}.Dev|Any CPU.ActiveCfg = Debug|Any CPU
		{5B5915B0-55C6-43AA-B1B6-04BDB7A405E3}.Dev|Any CPU.Build.0 = Debug|Any CPU
		{5B5915B0-55C6-43AA-B1B6-04BDB7A405E3}.Dev|Mixed Platforms.ActiveCfg = Debug|Any CPU
		{5B5915B0-55C6-43AA-B1B6-04BDB7A405E3}.Dev|Mixed Platforms.Build.0 = Debug|Any CPU
		{5B5915B0-55C6-43AA-B1B6-04BDB7A405E3}.Dev|Win32.ActiveCfg = Debug|Any CPU
		{5B5915B0-55C6-43AA-B1B6-04BDB7A405E3}.Premier|Any CPU.ActiveCfg = Release|Any CPU
		{5B5915B0-55C6-43AA-B1B6-04BDB7A405E3}.Premier|Any CPU.Build.0 = Release|Any CPU
		{5B5915B0-55C6-43AA-B1B6-04BDB7A405E3}.Premier|Mixed Platforms.ActiveCfg = Release|Any CPU
		{5B5915B0-55C6-43AA-B1B6-04BDB7A405E3}.Premier|Mixed Platforms.Build.0 = Release|Any CPU
		{5B5915B0-55C6-43AA-B1B6-04BDB7A405E3}.Premier|Win32.ActiveCfg = Release|Any CPU
		{5B5915B0-55C6-43AA-B1B6-04BDB7A405E3}.Release|Any CPU.ActiveCfg = Release|Any CPU
		{5B5915B0-55C6-43AA-B1B6-04BDB7A405E3}.Release|Any CPU.Build.0 = Release|Any CPU
		{5B5915B0-55C6-43AA-B1B6-04BDB7A405E3}.Release|Mixed Platforms.ActiveCfg = Release|Any CPU
		{5B5915B0-55C6-43AA-B1B6-04BDB7A405E3}.Release|Mixed Platforms.Build.0 = Release|Any CPU
		{5B5915B0-55C6-43AA-B1B6-04BDB7A405E3}.Release|Win32.ActiveCfg = Release|Any CPU
		{10E678D5-6AE5-4537-88AC-E8DA3566B635}.Debug|Any CPU.ActiveCfg = Debug|Any CPU
		{10E678D5-6AE5-4537-88AC-E8DA3566B635}.Debug|Any CPU.Build.0 = Debug|Any CPU
		{10E678D5-6AE5-4537-88AC-E8DA3566B635}.Debug|Mixed Platforms.ActiveCfg = Debug|Any CPU
		{10E678D5-6AE5-4537-88AC-E8DA3566B635}.Debug|Mixed Platforms.Build.0 = Debug|Any CPU
		{10E678D5-6AE5-4537-88AC-E8DA3566B635}.Debug|Win32.ActiveCfg = Debug|Any CPU
		{10E678D5-6AE5-4537-88AC-E8DA3566B635}.Dev|Any CPU.ActiveCfg = Debug|Any CPU
		{10E678D5-6AE5-4537-88AC-E8DA3566B635}.Dev|Any CPU.Build.0 = Debug|Any CPU
		{10E678D5-6AE5-4537-88AC-E8DA3566B635}.Dev|Mixed Platforms.ActiveCfg = Debug|Any CPU
		{10E678D5-6AE5-4537-88AC-E8DA3566B635}.Dev|Mixed Platforms.Build.0 = Debug|Any CPU
		{10E678D5-6AE5-4537-88AC-E8DA3566B635}.Dev|Win32.ActiveCfg = Debug|Any CPU
		{10E678D5-6AE5-4537-88AC-E8DA3566B635}.Premier|Any CPU.ActiveCfg = Release|Any CPU
		{10E678D5-6AE5-4537-88AC-E8DA3566B635}.Premier|Any CPU.Build.0 = Release|Any CPU
		{10E678D5-6AE5-4537-88AC-E8DA3566B635}.Premier|Mixed Platforms.ActiveCfg = Release|Any CPU
		{10E678D5-6AE5-4537-88AC-E8DA3566B635}.Premier|Mixed Platforms.Build.0 = Release|Any CPU
		{10E678D5-6AE5-4537-88AC-E8DA3566B635}.Premier|Win32.ActiveCfg = Release|Any CPU
		{10E678D5-6AE5-4537-88AC-E8DA3566B635}.Release|Any CPU.ActiveCfg = Release|Any CPU
		{10E678D5-6AE5-4537-88AC-E8DA3566B635}.Release|Any CPU.Build.0 = Release|Any CPU
		{10E678D5-6AE5-4537-88AC-E8DA3566B635}.Release|Mixed Platforms.ActiveCfg = Release|Any CPU
		{10E678D5-6AE5-4537-88AC-E8DA3566B635}.Release|Mixed Platforms.Build.0 = Release|Any CPU
		{10E678D5-6AE5-4537-88AC-E8DA3566B635}.Release|Win32.ActiveCfg = Release|Any CPU
		{ABAB6C17-967A-4EFE-AC63-4E9BCF25025B}.Debug|Any CPU.ActiveCfg = Debug|Any CPU
		{ABAB6C17-967A-4EFE-AC63-4E9BCF25025B}.Debug|Any CPU.Build.0 = Debug|Any CPU
		{ABAB6C17-967A-4EFE-AC63-4E9BCF25025B}.Debug|Mixed Platforms.ActiveCfg = Debug|Any CPU
		{ABAB6C17-967A-4EFE-AC63-4E9BCF25025B}.Debug|Mixed Platforms.Build.0 = Debug|Any CPU
		{ABAB6C17-967A-4EFE-AC63-4E9BCF25025B}.Debug|Win32.ActiveCfg = Debug|Any CPU
		{ABAB6C17-967A-4EFE-AC63-4E9BCF25025B}.Dev|Any CPU.ActiveCfg = Debug|Any CPU
		{ABAB6C17-967A-4EFE-AC63-4E9BCF25025B}.Dev|Any CPU.Build.0 = Debug|Any CPU
		{ABAB6C17-967A-4EFE-AC63-4E9BCF25025B}.Dev|Mixed Platforms.ActiveCfg = Debug|Any CPU
		{ABAB6C17-967A-4EFE-AC63-4E9BCF25025B}.Dev|Mixed Platforms.Build.0 = Debug|Any CPU
		{ABAB6C17-967A-4EFE-AC63-4E9BCF25025B}.Dev|Win32.ActiveCfg = Debug|Any CPU
		{ABAB6C17-967A-4EFE-AC63-4E9BCF25025B}.Premier|Any CPU.ActiveCfg = Release|Any CPU
		{ABAB6C17-967A-4EFE-AC63-4E9BCF25025B}.Premier|Any CPU.Build.0 = Release|Any CPU
		{ABAB6C17-967A-4EFE-AC63-4E9BCF25025B}.Premier|Mixed Platforms.ActiveCfg = Release|Any CPU
		{ABAB6C17-967A-4EFE-AC63-4E9BCF25025B}.Premier|Mixed Platforms.Build.0 = Release|Any CPU
		{ABAB6C17-967A-4EFE-AC63-4E9BCF25025B}.Premier|Win32.ActiveCfg = Release|Any CPU
		{ABAB6C17-967A-4EFE-AC63-4E9BCF25025B}.Release|Any CPU.ActiveCfg = Release|Any CPU
		{ABAB6C17-967A-4EFE-AC63-4E9BCF25025B}.Release|Any CPU.Build.0 = Release|Any CPU
		{ABAB6C17-967A-4EFE-AC63-4E9BCF25025B}.Release|Any CPU.Deploy.0 = Release|Any CPU
		{ABAB6C17-967A-4EFE-AC63-4E9BCF25025B}.Release|Mixed Platforms.ActiveCfg = Release|Any CPU
		{ABAB6C17-967A-4EFE-AC63-4E9BCF25025B}.Release|Mixed Platforms.Build.0 = Release|Any CPU
		{ABAB6C17-967A-4EFE-AC63-4E9BCF25025B}.Release|Win32.ActiveCfg = Release|Any CPU
		{BB02289D-7587-4CB5-8F11-1FCD21D02C5C}.Debug|Any CPU.ActiveCfg = Debug|Any CPU
		{BB02289D-7587-4CB5-8F11-1FCD21D02C5C}.Debug|Any CPU.Build.0 = Debug|Any CPU
		{BB02289D-7587-4CB5-8F11-1FCD21D02C5C}.Debug|Mixed Platforms.ActiveCfg = Debug|Any CPU
		{BB02289D-7587-4CB5-8F11-1FCD21D02C5C}.Debug|Mixed Platforms.Build.0 = Debug|Any CPU
		{BB02289D-7587-4CB5-8F11-1FCD21D02C5C}.Debug|Win32.ActiveCfg = Debug|Any CPU
		{BB02289D-7587-4CB5-8F11-1FCD21D02C5C}.Dev|Any CPU.ActiveCfg = Debug|Any CPU
		{BB02289D-7587-4CB5-8F11-1FCD21D02C5C}.Dev|Any CPU.Build.0 = Debug|Any CPU
		{BB02289D-7587-4CB5-8F11-1FCD21D02C5C}.Dev|Mixed Platforms.ActiveCfg = Debug|Any CPU
		{BB02289D-7587-4CB5-8F11-1FCD21D02C5C}.Dev|Mixed Platforms.Build.0 = Debug|Any CPU
		{BB02289D-7587-4CB5-8F11-1FCD21D02C5C}.Dev|Win32.ActiveCfg = Debug|Any CPU
		{BB02289D-7587-4CB5-8F11-1FCD21D02C5C}.Premier|Any CPU.ActiveCfg = Release|Any CPU
		{BB02289D-7587-4CB5-8F11-1FCD21D02C5C}.Premier|Any CPU.Build.0 = Release|Any CPU
		{BB02289D-7587-4CB5-8F11-1FCD21D02C5C}.Premier|Mixed Platforms.ActiveCfg = Release|Any CPU
		{BB02289D-7587-4CB5-8F11-1FCD21D02C5C}.Premier|Mixed Platforms.Build.0 = Release|Any CPU
		{BB02289D-7587-4CB5-8F11-1FCD21D02C5C}.Premier|Win32.ActiveCfg = Release|Any CPU
		{BB02289D-7587-4CB5-8F11-1FCD21D02C5C}.Release|Any CPU.ActiveCfg = Release|Any CPU
		{BB02289D-7587-4CB5-8F11-1FCD21D02C5C}.Release|Any CPU.Build.0 = Release|Any CPU
		{BB02289D-7587-4CB5-8F11-1FCD21D02C5C}.Release|Mixed Platforms.ActiveCfg = Release|Any CPU
		{BB02289D-7587-4CB5-8F11-1FCD21D02C5C}.Release|Mixed Platforms.Build.0 = Release|Any CPU
		{BB02289D-7587-4CB5-8F11-1FCD21D02C5C}.Release|Win32.ActiveCfg = Release|Any CPU
		{A02B554A-97E6-47BF-B521-F747BE3B5DEB}.Debug|Any CPU.ActiveCfg = Debug|Any CPU
		{A02B554A-97E6-47BF-B521-F747BE3B5DEB}.Debug|Any CPU.Build.0 = Debug|Any CPU
		{A02B554A-97E6-47BF-B521-F747BE3B5DEB}.Debug|Mixed Platforms.ActiveCfg = Debug|Any CPU
		{A02B554A-97E6-47BF-B521-F747BE3B5DEB}.Debug|Mixed Platforms.Build.0 = Debug|Any CPU
		{A02B554A-97E6-47BF-B521-F747BE3B5DEB}.Debug|Win32.ActiveCfg = Debug|Any CPU
		{A02B554A-97E6-47BF-B521-F747BE3B5DEB}.Dev|Any CPU.ActiveCfg = Debug|Any CPU
		{A02B554A-97E6-47BF-B521-F747BE3B5DEB}.Dev|Any CPU.Build.0 = Debug|Any CPU
		{A02B554A-97E6-47BF-B521-F747BE3B5DEB}.Dev|Mixed Platforms.ActiveCfg = Debug|Any CPU
		{A02B554A-97E6-47BF-B521-F747BE3B5DEB}.Dev|Mixed Platforms.Build.0 = Debug|Any CPU
		{A02B554A-97E6-47BF-B521-F747BE3B5DEB}.Dev|Win32.ActiveCfg = Debug|Any CPU
		{A02B554A-97E6-47BF-B521-F747BE3B5DEB}.Premier|Any CPU.ActiveCfg = Release|Any CPU
		{A02B554A-97E6-47BF-B521-F747BE3B5DEB}.Premier|Any CPU.Build.0 = Release|Any CPU
		{A02B554A-97E6-47BF-B521-F747BE3B5DEB}.Premier|Mixed Platforms.ActiveCfg = Release|Any CPU
		{A02B554A-97E6-47BF-B521-F747BE3B5DEB}.Premier|Mixed Platforms.Build.0 = Release|Any CPU
		{A02B554A-97E6-47BF-B521-F747BE3B5DEB}.Premier|Win32.ActiveCfg = Release|Any CPU
		{A02B554A-97E6-47BF-B521-F747BE3B5DEB}.Release|Any CPU.ActiveCfg = Release|Any CPU
		{A02B554A-97E6-47BF-B521-F747BE3B5DEB}.Release|Any CPU.Build.0 = Release|Any CPU
		{A02B554A-97E6-47BF-B521-F747BE3B5DEB}.Release|Mixed Platforms.ActiveCfg = Release|Any CPU
		{A02B554A-97E6-47BF-B521-F747BE3B5DEB}.Release|Mixed Platforms.Build.0 = Release|Any CPU
		{A02B554A-97E6-47BF-B521-F747BE3B5DEB}.Release|Win32.ActiveCfg = Release|Any CPU
		{6C995254-8D66-4AAF-989C-75FB702D30A4}.Debug|Any CPU.ActiveCfg = Debug|Any CPU
		{6C995254-8D66-4AAF-989C-75FB702D30A4}.Debug|Any CPU.Build.0 = Debug|Any CPU
		{6C995254-8D66-4AAF-989C-75FB702D30A4}.Debug|Mixed Platforms.ActiveCfg = Debug|Any CPU
		{6C995254-8D66-4AAF-989C-75FB702D30A4}.Debug|Mixed Platforms.Build.0 = Debug|Any CPU
		{6C995254-8D66-4AAF-989C-75FB702D30A4}.Debug|Win32.ActiveCfg = Debug|Any CPU
		{6C995254-8D66-4AAF-989C-75FB702D30A4}.Dev|Any CPU.ActiveCfg = Debug|Any CPU
		{6C995254-8D66-4AAF-989C-75FB702D30A4}.Dev|Any CPU.Build.0 = Debug|Any CPU
		{6C995254-8D66-4AAF-989C-75FB702D30A4}.Dev|Mixed Platforms.ActiveCfg = Debug|Any CPU
		{6C995254-8D66-4AAF-989C-75FB702D30A4}.Dev|Mixed Platforms.Build.0 = Debug|Any CPU
		{6C995254-8D66-4AAF-989C-75FB702D30A4}.Dev|Win32.ActiveCfg = Debug|Any CPU
		{6C995254-8D66-4AAF-989C-75FB702D30A4}.Premier|Any CPU.ActiveCfg = Release|Any CPU
		{6C995254-8D66-4AAF-989C-75FB702D30A4}.Premier|Any CPU.Build.0 = Release|Any CPU
		{6C995254-8D66-4AAF-989C-75FB702D30A4}.Premier|Mixed Platforms.ActiveCfg = Release|Any CPU
		{6C995254-8D66-4AAF-989C-75FB702D30A4}.Premier|Mixed Platforms.Build.0 = Release|Any CPU
		{6C995254-8D66-4AAF-989C-75FB702D30A4}.Premier|Win32.ActiveCfg = Release|Any CPU
		{6C995254-8D66-4AAF-989C-75FB702D30A4}.Release|Any CPU.ActiveCfg = Release|Any CPU
		{6C995254-8D66-4AAF-989C-75FB702D30A4}.Release|Any CPU.Build.0 = Release|Any CPU
		{6C995254-8D66-4AAF-989C-75FB702D30A4}.Release|Mixed Platforms.ActiveCfg = Release|Any CPU
		{6C995254-8D66-4AAF-989C-75FB702D30A4}.Release|Mixed Platforms.Build.0 = Release|Any CPU
		{6C995254-8D66-4AAF-989C-75FB702D30A4}.Release|Win32.ActiveCfg = Release|Any CPU
		{CF4E252E-3E78-4461-80C1-EFE6491913D7}.Debug|Any CPU.ActiveCfg = Debug|Any CPU
		{CF4E252E-3E78-4461-80C1-EFE6491913D7}.Debug|Any CPU.Build.0 = Debug|Any CPU
		{CF4E252E-3E78-4461-80C1-EFE6491913D7}.Debug|Mixed Platforms.ActiveCfg = Debug|Any CPU
		{CF4E252E-3E78-4461-80C1-EFE6491913D7}.Debug|Mixed Platforms.Build.0 = Debug|Any CPU
		{CF4E252E-3E78-4461-80C1-EFE6491913D7}.Debug|Win32.ActiveCfg = Debug|Any CPU
		{CF4E252E-3E78-4461-80C1-EFE6491913D7}.Dev|Any CPU.ActiveCfg = Debug|Any CPU
		{CF4E252E-3E78-4461-80C1-EFE6491913D7}.Dev|Any CPU.Build.0 = Debug|Any CPU
		{CF4E252E-3E78-4461-80C1-EFE6491913D7}.Dev|Mixed Platforms.ActiveCfg = Debug|Any CPU
		{CF4E252E-3E78-4461-80C1-EFE6491913D7}.Dev|Mixed Platforms.Build.0 = Debug|Any CPU
		{CF4E252E-3E78-4461-80C1-EFE6491913D7}.Dev|Win32.ActiveCfg = Debug|Any CPU
		{CF4E252E-3E78-4461-80C1-EFE6491913D7}.Premier|Any CPU.ActiveCfg = Release|Any CPU
		{CF4E252E-3E78-4461-80C1-EFE6491913D7}.Premier|Any CPU.Build.0 = Release|Any CPU
		{CF4E252E-3E78-4461-80C1-EFE6491913D7}.Premier|Mixed Platforms.ActiveCfg = Release|Any CPU
		{CF4E252E-3E78-4461-80C1-EFE6491913D7}.Premier|Mixed Platforms.Build.0 = Release|Any CPU
		{CF4E252E-3E78-4461-80C1-EFE6491913D7}.Premier|Win32.ActiveCfg = Release|Any CPU
		{CF4E252E-3E78-4461-80C1-EFE6491913D7}.Release|Any CPU.ActiveCfg = Release|Any CPU
		{CF4E252E-3E78-4461-80C1-EFE6491913D7}.Release|Any CPU.Build.0 = Release|Any CPU
		{CF4E252E-3E78-4461-80C1-EFE6491913D7}.Release|Mixed Platforms.ActiveCfg = Release|Any CPU
		{CF4E252E-3E78-4461-80C1-EFE6491913D7}.Release|Mixed Platforms.Build.0 = Release|Any CPU
		{CF4E252E-3E78-4461-80C1-EFE6491913D7}.Release|Win32.ActiveCfg = Release|Any CPU
		{CC7821D7-C068-465E-B9D2-5FAD44DFE3BF}.Debug|Any CPU.ActiveCfg = Debug|Win32
		{CC7821D7-C068-465E-B9D2-5FAD44DFE3BF}.Debug|Mixed Platforms.ActiveCfg = Debug|Win32
		{CC7821D7-C068-465E-B9D2-5FAD44DFE3BF}.Debug|Mixed Platforms.Build.0 = Debug|Win32
		{CC7821D7-C068-465E-B9D2-5FAD44DFE3BF}.Debug|Win32.ActiveCfg = Debug|Win32
		{CC7821D7-C068-465E-B9D2-5FAD44DFE3BF}.Debug|Win32.Build.0 = Debug|Win32
		{CC7821D7-C068-465E-B9D2-5FAD44DFE3BF}.Dev|Any CPU.ActiveCfg = Debug|Win32
		{CC7821D7-C068-465E-B9D2-5FAD44DFE3BF}.Dev|Mixed Platforms.ActiveCfg = Debug|Win32
		{CC7821D7-C068-465E-B9D2-5FAD44DFE3BF}.Dev|Mixed Platforms.Build.0 = Debug|Win32
		{CC7821D7-C068-465E-B9D2-5FAD44DFE3BF}.Dev|Win32.ActiveCfg = Debug|Win32
		{CC7821D7-C068-465E-B9D2-5FAD44DFE3BF}.Dev|Win32.Build.0 = Debug|Win32
		{CC7821D7-C068-465E-B9D2-5FAD44DFE3BF}.Premier|Any CPU.ActiveCfg = Release|Win32
		{CC7821D7-C068-465E-B9D2-5FAD44DFE3BF}.Premier|Mixed Platforms.ActiveCfg = Release|Win32
		{CC7821D7-C068-465E-B9D2-5FAD44DFE3BF}.Premier|Mixed Platforms.Build.0 = Release|Win32
		{CC7821D7-C068-465E-B9D2-5FAD44DFE3BF}.Premier|Win32.ActiveCfg = Release|Win32
		{CC7821D7-C068-465E-B9D2-5FAD44DFE3BF}.Premier|Win32.Build.0 = Release|Win32
		{CC7821D7-C068-465E-B9D2-5FAD44DFE3BF}.Release|Any CPU.ActiveCfg = Release|Win32
		{CC7821D7-C068-465E-B9D2-5FAD44DFE3BF}.Release|Any CPU.Build.0 = Release|Win32
		{CC7821D7-C068-465E-B9D2-5FAD44DFE3BF}.Release|Mixed Platforms.ActiveCfg = Release|Win32
		{CC7821D7-C068-465E-B9D2-5FAD44DFE3BF}.Release|Mixed Platforms.Build.0 = Release|Win32
		{CC7821D7-C068-465E-B9D2-5FAD44DFE3BF}.Release|Win32.ActiveCfg = Release|Win32
		{CC7821D7-C068-465E-B9D2-5FAD44DFE3BF}.Release|Win32.Build.0 = Release|Win32
		{D4E10F86-283E-4078-B511-522A944AEB78}.Debug|Any CPU.ActiveCfg = Debug|Any CPU
		{D4E10F86-283E-4078-B511-522A944AEB78}.Debug|Any CPU.Build.0 = Debug|Any CPU
		{D4E10F86-283E-4078-B511-522A944AEB78}.Debug|Mixed Platforms.ActiveCfg = Debug|Any CPU
		{D4E10F86-283E-4078-B511-522A944AEB78}.Debug|Mixed Platforms.Build.0 = Debug|Any CPU
		{D4E10F86-283E-4078-B511-522A944AEB78}.Debug|Win32.ActiveCfg = Debug|Any CPU
		{D4E10F86-283E-4078-B511-522A944AEB78}.Dev|Any CPU.ActiveCfg = Debug|Any CPU
		{D4E10F86-283E-4078-B511-522A944AEB78}.Dev|Any CPU.Build.0 = Debug|Any CPU
		{D4E10F86-283E-4078-B511-522A944AEB78}.Dev|Mixed Platforms.ActiveCfg = Debug|Any CPU
		{D4E10F86-283E-4078-B511-522A944AEB78}.Dev|Mixed Platforms.Build.0 = Debug|Any CPU
		{D4E10F86-283E-4078-B511-522A944AEB78}.Dev|Win32.ActiveCfg = Debug|Any CPU
		{D4E10F86-283E-4078-B511-522A944AEB78}.Premier|Any CPU.ActiveCfg = Release|Any CPU
		{D4E10F86-283E-4078-B511-522A944AEB78}.Premier|Any CPU.Build.0 = Release|Any CPU
		{D4E10F86-283E-4078-B511-522A944AEB78}.Premier|Mixed Platforms.ActiveCfg = Release|Any CPU
		{D4E10F86-283E-4078-B511-522A944AEB78}.Premier|Mixed Platforms.Build.0 = Release|Any CPU
		{D4E10F86-283E-4078-B511-522A944AEB78}.Premier|Win32.ActiveCfg = Release|Any CPU
		{D4E10F86-283E-4078-B511-522A944AEB78}.Release|Any CPU.ActiveCfg = Release|Any CPU
		{D4E10F86-283E-4078-B511-522A944AEB78}.Release|Any CPU.Build.0 = Release|Any CPU
		{D4E10F86-283E-4078-B511-522A944AEB78}.Release|Mixed Platforms.ActiveCfg = Release|Any CPU
		{D4E10F86-283E-4078-B511-522A944AEB78}.Release|Mixed Platforms.Build.0 = Release|Any CPU
		{D4E10F86-283E-4078-B511-522A944AEB78}.Release|Win32.ActiveCfg = Release|Any CPU
	EndGlobalSection
	GlobalSection(SolutionProperties) = preSolution
		HideSolutionNode = FALSE
	EndGlobalSection
	GlobalSection(NestedProjects) = preSolution
		{F2E3C277-6CF8-468E-A6AE-7414419E13E8} = {B6DA30FC-4DAF-4981-9946-6D07698CA743}
		{6B386E25-5A7F-4792-8978-B4E9066117F2} = {B6DA30FC-4DAF-4981-9946-6D07698CA743}
		{CC96AA47-CE03-42C3-B832-B3F5E7B2CB35} = {B6DA30FC-4DAF-4981-9946-6D07698CA743}
		{BB02289D-7587-4CB5-8F11-1FCD21D02C5C} = {B6DA30FC-4DAF-4981-9946-6D07698CA743}
		{A02B554A-97E6-47BF-B521-F747BE3B5DEB} = {B6DA30FC-4DAF-4981-9946-6D07698CA743}
		{1B481514-54A1-44E7-B29A-0FC5317FE9BE} = {E23A5286-A041-41A7-9C6B-24ADF6E98983}
		{85025E83-4476-400A-B282-363256F61EFA} = {E23A5286-A041-41A7-9C6B-24ADF6E98983}
		{69F28C8C-7550-4A78-996A-BE2C015D4E52} = {E23A5286-A041-41A7-9C6B-24ADF6E98983}
		{602965F3-B562-4545-9E08-4642ED018187} = {E23A5286-A041-41A7-9C6B-24ADF6E98983}
		{96DE53E2-F6AB-4E61-808E-383C7416AD7C} = {E23A5286-A041-41A7-9C6B-24ADF6E98983}
		{C1F21DED-A481-451F-B2E3-42E457663CCE} = {E23A5286-A041-41A7-9C6B-24ADF6E98983}
		{1A11B4AD-4D09-4A15-9C73-FEFCB138CDE4} = {E23A5286-A041-41A7-9C6B-24ADF6E98983}
		{20D9A997-F0A2-4117-9757-1DBD495E5F3B} = {E23A5286-A041-41A7-9C6B-24ADF6E98983}
		{ABAB6C17-967A-4EFE-AC63-4E9BCF25025B} = {E23A5286-A041-41A7-9C6B-24ADF6E98983}
		{6C995254-8D66-4AAF-989C-75FB702D30A4} = {E23A5286-A041-41A7-9C6B-24ADF6E98983}
		{CC7821D7-C068-465E-B9D2-5FAD44DFE3BF} = {E23A5286-A041-41A7-9C6B-24ADF6E98983}
		{4F9B1779-7E2F-4824-9E3B-F56D4ED37A58} = {86630AE4-25E1-4CB5-AB62-FD4C8F5F8EDD}
		{9D436E2E-5DE9-4A80-A16B-841E5A25B2E4} = {86630AE4-25E1-4CB5-AB62-FD4C8F5F8EDD}
		{A56F2A9D-563A-422E-BBE2-076F5AFA6EDD} = {86630AE4-25E1-4CB5-AB62-FD4C8F5F8EDD}
		{4249171E-86DE-4A65-9074-DD8A0F857BE2} = {86630AE4-25E1-4CB5-AB62-FD4C8F5F8EDD}
		{66833B49-64B5-4658-A77A-3856E95009B9} = {86630AE4-25E1-4CB5-AB62-FD4C8F5F8EDD}
		{6D7FBD0A-D096-48F7-A1FA-3C43A5BDEC4B} = {2D8BBC65-EDC4-4C6E-9D95-100DE9B93AE3}
		{725B5385-607E-42FE-81B2-E1383C37B073} = {2D8BBC65-EDC4-4C6E-9D95-100DE9B93AE3}
		{187287E1-CE16-4B99-B56D-AE6308E06DC8} = {4F9B1779-7E2F-4824-9E3B-F56D4ED37A58}
		{4EB7D6F0-8A8A-4F15-AC2F-078DCDF8F4D1} = {4F9B1779-7E2F-4824-9E3B-F56D4ED37A58}
		{E9CA7D35-96D1-4328-B8F0-BE0CAD2DAC4A} = {4F9B1779-7E2F-4824-9E3B-F56D4ED37A58}
		{BA944BFF-020E-406A-A1D2-5706E69D0FF4} = {9D436E2E-5DE9-4A80-A16B-841E5A25B2E4}
		{7DC630EF-360B-408A-A9E2-869E7E1BCB8C} = {9D436E2E-5DE9-4A80-A16B-841E5A25B2E4}
		{C6D9EDCC-E9A7-4C3C-AE4A-51897DADCA58} = {9D436E2E-5DE9-4A80-A16B-841E5A25B2E4}
		{91E85C5D-28C3-4FC7-B000-DF50D5472A39} = {A56F2A9D-563A-422E-BBE2-076F5AFA6EDD}
		{36DDAE91-B1DF-437A-AA94-A86F5B55F53F} = {4249171E-86DE-4A65-9074-DD8A0F857BE2}
		{0FDE2710-C57E-4F17-84B4-4F005E15C971} = {36DDAE91-B1DF-437A-AA94-A86F5B55F53F}
		{D9CF000C-F46B-426E-A3BB-BC18A1F1EC57} = {36DDAE91-B1DF-437A-AA94-A86F5B55F53F}
		{0995F7BB-6A5E-4B01-9072-57D8D1AC4178} = {36DDAE91-B1DF-437A-AA94-A86F5B55F53F}
		{2105D13F-8526-4B81-88C5-CC927DAC8CA4} = {C33CE403-8E32-41A4-BD09-CCD5F38E43D9}
		{6AB81B08-6B6C-4B49-AFE9-2582762630E1} = {C33CE403-8E32-41A4-BD09-CCD5F38E43D9}
		{81D6ECC7-C340-4EC9-BF46-71461152F09B} = {C33CE403-8E32-41A4-BD09-CCD5F38E43D9}
		{4A7C6498-C039-4B8B-B615-193472854D3F} = {C33CE403-8E32-41A4-BD09-CCD5F38E43D9}
		{F785F5E4-0F59-4F51-8C54-D211CB717B9E} = {81D6ECC7-C340-4EC9-BF46-71461152F09B}
		{D97787A4-717D-456C-98AB-5F3E34110E7D} = {81D6ECC7-C340-4EC9-BF46-71461152F09B}
		{D4E10F86-283E-4078-B511-522A944AEB78} = {81D6ECC7-C340-4EC9-BF46-71461152F09B}
		{5B5915B0-55C6-43AA-B1B6-04BDB7A405E3} = {01761080-9502-453F-89E7-895AA8FCE76E}
		{10E678D5-6AE5-4537-88AC-E8DA3566B635} = {01761080-9502-453F-89E7-895AA8FCE76E}
		{CF4E252E-3E78-4461-80C1-EFE6491913D7} = {66833B49-64B5-4658-A77A-3856E95009B9}
	EndGlobalSection
EndGlobal
